// !$*UTF8*$!
{
	archiveVersion = 1;
	classes = {
	};
	objectVersion = 48;
	objects = {

/* Begin PBXBuildFile section */
		16636D8A201F8FAB00AF7E3E /* AppDelegate.swift in Sources */ = {isa = PBXBuildFile; fileRef = 16636D89201F8FAB00AF7E3E /* AppDelegate.swift */; };
		16636D8C201F8FAB00AF7E3E /* ViewController.swift in Sources */ = {isa = PBXBuildFile; fileRef = 16636D8B201F8FAB00AF7E3E /* ViewController.swift */; };
		16636D8F201F8FAB00AF7E3E /* Main.storyboard in Resources */ = {isa = PBXBuildFile; fileRef = 16636D8D201F8FAB00AF7E3E /* Main.storyboard */; };
		16636D91201F8FAB00AF7E3E /* Assets.xcassets in Resources */ = {isa = PBXBuildFile; fileRef = 16636D90201F8FAB00AF7E3E /* Assets.xcassets */; };
		16636D94201F8FAB00AF7E3E /* LaunchScreen.storyboard in Resources */ = {isa = PBXBuildFile; fileRef = 16636D92201F8FAB00AF7E3E /* LaunchScreen.storyboard */; };
		16636D9F201F8FAB00AF7E3E /* SegueTests.swift in Sources */ = {isa = PBXBuildFile; fileRef = 16636D9E201F8FAB00AF7E3E /* SegueTests.swift */; };
		16636DAA201F8FAB00AF7E3E /* SegueUITests.swift in Sources */ = {isa = PBXBuildFile; fileRef = 16636DA9201F8FAB00AF7E3E /* SegueUITests.swift */; };
		16636DB8201F91DE00AF7E3E /* SecondSceneViewController.swift in Sources */ = {isa = PBXBuildFile; fileRef = 16636DB7201F91DE00AF7E3E /* SecondSceneViewController.swift */; };
		16636DBE201F948D00AF7E3E /* ThirdSceneViewController.swift in Sources */ = {isa = PBXBuildFile; fileRef = 16636DBD201F948D00AF7E3E /* ThirdSceneViewController.swift */; };
/* End PBXBuildFile section */

/* Begin PBXContainerItemProxy section */
		16636D9B201F8FAB00AF7E3E /* PBXContainerItemProxy */ = {
			isa = PBXContainerItemProxy;
			containerPortal = 16636D7E201F8FAB00AF7E3E /* Project object */;
			proxyType = 1;
			remoteGlobalIDString = 16636D85201F8FAB00AF7E3E;
			remoteInfo = Segue;
		};
		16636DA6201F8FAB00AF7E3E /* PBXContainerItemProxy */ = {
			isa = PBXContainerItemProxy;
			containerPortal = 16636D7E201F8FAB00AF7E3E /* Project object */;
			proxyType = 1;
			remoteGlobalIDString = 16636D85201F8FAB00AF7E3E;
			remoteInfo = Segue;
		};
/* End PBXContainerItemProxy section */

/* Begin PBXFileReference section */
		16636D86201F8FAB00AF7E3E /* Segue.app */ = {isa = PBXFileReference; explicitFileType = wrapper.application; includeInIndex = 0; path = Segue.app; sourceTree = BUILT_PRODUCTS_DIR; };
		16636D89201F8FAB00AF7E3E /* AppDelegate.swift */ = {isa = PBXFileReference; lastKnownFileType = sourcecode.swift; path = AppDelegate.swift; sourceTree = "<group>"; };
		16636D8B201F8FAB00AF7E3E /* ViewController.swift */ = {isa = PBXFileReference; lastKnownFileType = sourcecode.swift; path = ViewController.swift; sourceTree = "<group>"; };
		16636D8E201F8FAB00AF7E3E /* Base */ = {isa = PBXFileReference; lastKnownFileType = file.storyboard; name = Base; path = Base.lproj/Main.storyboard; sourceTree = "<group>"; };
		16636D90201F8FAB00AF7E3E /* Assets.xcassets */ = {isa = PBXFileReference; lastKnownFileType = folder.assetcatalog; path = Assets.xcassets; sourceTree = "<group>"; };
		16636D93201F8FAB00AF7E3E /* Base */ = {isa = PBXFileReference; lastKnownFileType = file.storyboard; name = Base; path = Base.lproj/LaunchScreen.storyboard; sourceTree = "<group>"; };
		16636D95201F8FAB00AF7E3E /* Info.plist */ = {isa = PBXFileReference; lastKnownFileType = text.plist.xml; path = Info.plist; sourceTree = "<group>"; };
		16636D9A201F8FAB00AF7E3E /* SegueTests.xctest */ = {isa = PBXFileReference; explicitFileType = wrapper.cfbundle; includeInIndex = 0; path = SegueTests.xctest; sourceTree = BUILT_PRODUCTS_DIR; };
		16636D9E201F8FAB00AF7E3E /* SegueTests.swift */ = {isa = PBXFileReference; lastKnownFileType = sourcecode.swift; path = SegueTests.swift; sourceTree = "<group>"; };
		16636DA0201F8FAB00AF7E3E /* Info.plist */ = {isa = PBXFileReference; lastKnownFileType = text.plist.xml; path = Info.plist; sourceTree = "<group>"; };
		16636DA5201F8FAB00AF7E3E /* SegueUITests.xctest */ = {isa = PBXFileReference; explicitFileType = wrapper.cfbundle; includeInIndex = 0; path = SegueUITests.xctest; sourceTree = BUILT_PRODUCTS_DIR; };
		16636DA9201F8FAB00AF7E3E /* SegueUITests.swift */ = {isa = PBXFileReference; lastKnownFileType = sourcecode.swift; path = SegueUITests.swift; sourceTree = "<group>"; };
		16636DAB201F8FAB00AF7E3E /* Info.plist */ = {isa = PBXFileReference; lastKnownFileType = text.plist.xml; path = Info.plist; sourceTree = "<group>"; };
		16636DB7201F91DE00AF7E3E /* SecondSceneViewController.swift */ = {isa = PBXFileReference; lastKnownFileType = sourcecode.swift; path = SecondSceneViewController.swift; sourceTree = "<group>"; };
		16636DBD201F948D00AF7E3E /* ThirdSceneViewController.swift */ = {isa = PBXFileReference; lastKnownFileType = sourcecode.swift; path = ThirdSceneViewController.swift; sourceTree = "<group>"; };
/* End PBXFileReference section */

/* Begin PBXFrameworksBuildPhase section */
		16636D83201F8FAB00AF7E3E /* Frameworks */ = {
			isa = PBXFrameworksBuildPhase;
			buildActionMask = 2147483647;
			files = (
			);
			runOnlyForDeploymentPostprocessing = 0;
		};
		16636D97201F8FAB00AF7E3E /* Frameworks */ = {
			isa = PBXFrameworksBuildPhase;
			buildActionMask = 2147483647;
			files = (
			);
			runOnlyForDeploymentPostprocessing = 0;
		};
		16636DA2201F8FAB00AF7E3E /* Frameworks */ = {
			isa = PBXFrameworksBuildPhase;
			buildActionMask = 2147483647;
			files = (
			);
			runOnlyForDeploymentPostprocessing = 0;
		};
/* End PBXFrameworksBuildPhase section */

/* Begin PBXGroup section */
		16636D7D201F8FAB00AF7E3E = {
			isa = PBXGroup;
			children = (
				16636D88201F8FAB00AF7E3E /* Segue */,
				16636D9D201F8FAB00AF7E3E /* SegueTests */,
				16636DA8201F8FAB00AF7E3E /* SegueUITests */,
				16636D87201F8FAB00AF7E3E /* Products */,
			);
			sourceTree = "<group>";
		};
		16636D87201F8FAB00AF7E3E /* Products */ = {
			isa = PBXGroup;
			children = (
				16636D86201F8FAB00AF7E3E /* Segue.app */,
				16636D9A201F8FAB00AF7E3E /* SegueTests.xctest */,
				16636DA5201F8FAB00AF7E3E /* SegueUITests.xctest */,
			);
			name = Products;
			sourceTree = "<group>";
		};
		16636D88201F8FAB00AF7E3E /* Segue */ = {
			isa = PBXGroup;
			children = (
				16636D89201F8FAB00AF7E3E /* AppDelegate.swift */,
				16636D8B201F8FAB00AF7E3E /* ViewController.swift */,
				16636D8D201F8FAB00AF7E3E /* Main.storyboard */,
				16636D90201F8FAB00AF7E3E /* Assets.xcassets */,
				16636D92201F8FAB00AF7E3E /* LaunchScreen.storyboard */,
				16636D95201F8FAB00AF7E3E /* Info.plist */,
				16636DB7201F91DE00AF7E3E /* SecondSceneViewController.swift */,
				16636DBD201F948D00AF7E3E /* ThirdSceneViewController.swift */,
			);
			path = Segue;
			sourceTree = "<group>";
		};
		16636D9D201F8FAB00AF7E3E /* SegueTests */ = {
			isa = PBXGroup;
			children = (
				16636D9E201F8FAB00AF7E3E /* SegueTests.swift */,
				16636DA0201F8FAB00AF7E3E /* Info.plist */,
			);
			path = SegueTests;
			sourceTree = "<group>";
		};
		16636DA8201F8FAB00AF7E3E /* SegueUITests */ = {
			isa = PBXGroup;
			children = (
				16636DA9201F8FAB00AF7E3E /* SegueUITests.swift */,
				16636DAB201F8FAB00AF7E3E /* Info.plist */,
			);
			path = SegueUITests;
			sourceTree = "<group>";
		};
/* End PBXGroup section */

/* Begin PBXNativeTarget section */
		16636D85201F8FAB00AF7E3E /* Segue */ = {
			isa = PBXNativeTarget;
			buildConfigurationList = 16636DAE201F8FAB00AF7E3E /* Build configuration list for PBXNativeTarget "Segue" */;
			buildPhases = (
				16636D82201F8FAB00AF7E3E /* Sources */,
				16636D83201F8FAB00AF7E3E /* Frameworks */,
				16636D84201F8FAB00AF7E3E /* Resources */,
			);
			buildRules = (
			);
			dependencies = (
			);
			name = Segue;
			productName = Segue;
			productReference = 16636D86201F8FAB00AF7E3E /* Segue.app */;
			productType = "com.apple.product-type.application";
		};
		16636D99201F8FAB00AF7E3E /* SegueTests */ = {
			isa = PBXNativeTarget;
			buildConfigurationList = 16636DB1201F8FAB00AF7E3E /* Build configuration list for PBXNativeTarget "SegueTests" */;
			buildPhases = (
				16636D96201F8FAB00AF7E3E /* Sources */,
				16636D97201F8FAB00AF7E3E /* Frameworks */,
				16636D98201F8FAB00AF7E3E /* Resources */,
			);
			buildRules = (
			);
			dependencies = (
				16636D9C201F8FAB00AF7E3E /* PBXTargetDependency */,
			);
			name = SegueTests;
			productName = SegueTests;
			productReference = 16636D9A201F8FAB00AF7E3E /* SegueTests.xctest */;
			productType = "com.apple.product-type.bundle.unit-test";
		};
		16636DA4201F8FAB00AF7E3E /* SegueUITests */ = {
			isa = PBXNativeTarget;
			buildConfigurationList = 16636DB4201F8FAB00AF7E3E /* Build configuration list for PBXNativeTarget "SegueUITests" */;
			buildPhases = (
				16636DA1201F8FAB00AF7E3E /* Sources */,
				16636DA2201F8FAB00AF7E3E /* Frameworks */,
				16636DA3201F8FAB00AF7E3E /* Resources */,
			);
			buildRules = (
			);
			dependencies = (
				16636DA7201F8FAB00AF7E3E /* PBXTargetDependency */,
			);
			name = SegueUITests;
			productName = SegueUITests;
			productReference = 16636DA5201F8FAB00AF7E3E /* SegueUITests.xctest */;
			productType = "com.apple.product-type.bundle.ui-testing";
		};
/* End PBXNativeTarget section */

/* Begin PBXProject section */
		16636D7E201F8FAB00AF7E3E /* Project object */ = {
			isa = PBXProject;
			attributes = {
				LastSwiftUpdateCheck = 0920;
				LastUpgradeCheck = 0920;
				ORGANIZATIONNAME = "Ma, Jeffrey '18";
				TargetAttributes = {
					16636D85201F8FAB00AF7E3E = {
						CreatedOnToolsVersion = 9.2;
						ProvisioningStyle = Automatic;
					};
					16636D99201F8FAB00AF7E3E = {
						CreatedOnToolsVersion = 9.2;
						ProvisioningStyle = Automatic;
						TestTargetID = 16636D85201F8FAB00AF7E3E;
					};
					16636DA4201F8FAB00AF7E3E = {
						CreatedOnToolsVersion = 9.2;
						ProvisioningStyle = Automatic;
						TestTargetID = 16636D85201F8FAB00AF7E3E;
					};
				};
			};
			buildConfigurationList = 16636D81201F8FAB00AF7E3E /* Build configuration list for PBXProject "Segue" */;
			compatibilityVersion = "Xcode 8.0";
			developmentRegion = en;
			hasScannedForEncodings = 0;
			knownRegions = (
				en,
				Base,
			);
			mainGroup = 16636D7D201F8FAB00AF7E3E;
			productRefGroup = 16636D87201F8FAB00AF7E3E /* Products */;
			projectDirPath = "";
			projectRoot = "";
			targets = (
				16636D85201F8FAB00AF7E3E /* Segue */,
				16636D99201F8FAB00AF7E3E /* SegueTests */,
				16636DA4201F8FAB00AF7E3E /* SegueUITests */,
			);
		};
/* End PBXProject section */

/* Begin PBXResourcesBuildPhase section */
		16636D84201F8FAB00AF7E3E /* Resources */ = {
			isa = PBXResourcesBuildPhase;
			buildActionMask = 2147483647;
			files = (
				16636D94201F8FAB00AF7E3E /* LaunchScreen.storyboard in Resources */,
				16636D91201F8FAB00AF7E3E /* Assets.xcassets in Resources */,
				16636D8F201F8FAB00AF7E3E /* Main.storyboard in Resources */,
			);
			runOnlyForDeploymentPostprocessing = 0;
		};
		16636D98201F8FAB00AF7E3E /* Resources */ = {
			isa = PBXResourcesBuildPhase;
			buildActionMask = 2147483647;
			files = (
			);
			runOnlyForDeploymentPostprocessing = 0;
		};
		16636DA3201F8FAB00AF7E3E /* Resources */ = {
			isa = PBXResourcesBuildPhase;
			buildActionMask = 2147483647;
			files = (
			);
			runOnlyForDeploymentPostprocessing = 0;
		};
/* End PBXResourcesBuildPhase section */

/* Begin PBXSourcesBuildPhase section */
		16636D82201F8FAB00AF7E3E /* Sources */ = {
			isa = PBXSourcesBuildPhase;
			buildActionMask = 2147483647;
			files = (
				16636D8C201F8FAB00AF7E3E /* ViewController.swift in Sources */,
				16636DBE201F948D00AF7E3E /* ThirdSceneViewController.swift in Sources */,
				16636DB8201F91DE00AF7E3E /* SecondSceneViewController.swift in Sources */,
				16636D8A201F8FAB00AF7E3E /* AppDelegate.swift in Sources */,
			);
			runOnlyForDeploymentPostprocessing = 0;
		};
		16636D96201F8FAB00AF7E3E /* Sources */ = {
			isa = PBXSourcesBuildPhase;
			buildActionMask = 2147483647;
			files = (
				16636D9F201F8FAB00AF7E3E /* SegueTests.swift in Sources */,
			);
			runOnlyForDeploymentPostprocessing = 0;
		};
		16636DA1201F8FAB00AF7E3E /* Sources */ = {
			isa = PBXSourcesBuildPhase;
			buildActionMask = 2147483647;
			files = (
				16636DAA201F8FAB00AF7E3E /* SegueUITests.swift in Sources */,
			);
			runOnlyForDeploymentPostprocessing = 0;
		};
/* End PBXSourcesBuildPhase section */

/* Begin PBXTargetDependency section */
		16636D9C201F8FAB00AF7E3E /* PBXTargetDependency */ = {
			isa = PBXTargetDependency;
			target = 16636D85201F8FAB00AF7E3E /* Segue */;
			targetProxy = 16636D9B201F8FAB00AF7E3E /* PBXContainerItemProxy */;
		};
		16636DA7201F8FAB00AF7E3E /* PBXTargetDependency */ = {
			isa = PBXTargetDependency;
			target = 16636D85201F8FAB00AF7E3E /* Segue */;
			targetProxy = 16636DA6201F8FAB00AF7E3E /* PBXContainerItemProxy */;
		};
/* End PBXTargetDependency section */

/* Begin PBXVariantGroup section */
		16636D8D201F8FAB00AF7E3E /* Main.storyboard */ = {
			isa = PBXVariantGroup;
			children = (
				16636D8E201F8FAB00AF7E3E /* Base */,
			);
			name = Main.storyboard;
			sourceTree = "<group>";
		};
		16636D92201F8FAB00AF7E3E /* LaunchScreen.storyboard */ = {
			isa = PBXVariantGroup;
			children = (
				16636D93201F8FAB00AF7E3E /* Base */,
			);
			name = LaunchScreen.storyboard;
			sourceTree = "<group>";
		};
/* End PBXVariantGroup section */

/* Begin XCBuildConfiguration section */
		16636DAC201F8FAB00AF7E3E /* Debug */ = {
			isa = XCBuildConfiguration;
			buildSettings = {
				ALWAYS_SEARCH_USER_PATHS = NO;
				CLANG_ANALYZER_NONNULL = YES;
				CLANG_ANALYZER_NUMBER_OBJECT_CONVERSION = YES_AGGRESSIVE;
				CLANG_CXX_LANGUAGE_STANDARD = "gnu++14";
				CLANG_CXX_LIBRARY = "libc++";
				CLANG_ENABLE_MODULES = YES;
				CLANG_ENABLE_OBJC_ARC = YES;
				CLANG_WARN_BLOCK_CAPTURE_AUTORELEASING = YES;
				CLANG_WARN_BOOL_CONVERSION = YES;
				CLANG_WARN_COMMA = YES;
				CLANG_WARN_CONSTANT_CONVERSION = YES;
				CLANG_WARN_DIRECT_OBJC_ISA_USAGE = YES_ERROR;
				CLANG_WARN_DOCUMENTATION_COMMENTS = YES;
				CLANG_WARN_EMPTY_BODY = YES;
				CLANG_WARN_ENUM_CONVERSION = YES;
				CLANG_WARN_INFINITE_RECURSION = YES;
				CLANG_WARN_INT_CONVERSION = YES;
				CLANG_WARN_NON_LITERAL_NULL_CONVERSION = YES;
				CLANG_WARN_OBJC_LITERAL_CONVERSION = YES;
				CLANG_WARN_OBJC_ROOT_CLASS = YES_ERROR;
				CLANG_WARN_RANGE_LOOP_ANALYSIS = YES;
				CLANG_WARN_STRICT_PROTOTYPES = YES;
				CLANG_WARN_SUSPICIOUS_MOVE = YES;
				CLANG_WARN_UNGUARDED_AVAILABILITY = YES_AGGRESSIVE;
				CLANG_WARN_UNREACHABLE_CODE = YES;
				CLANG_WARN__DUPLICATE_METHOD_MATCH = YES;
				CODE_SIGN_IDENTITY = "iPhone Developer";
				COPY_PHASE_STRIP = NO;
				DEBUG_INFORMATION_FORMAT = dwarf;
				ENABLE_STRICT_OBJC_MSGSEND = YES;
				ENABLE_TESTABILITY = YES;
				GCC_C_LANGUAGE_STANDARD = gnu11;
				GCC_DYNAMIC_NO_PIC = NO;
				GCC_NO_COMMON_BLOCKS = YES;
				GCC_OPTIMIZATION_LEVEL = 0;
				GCC_PREPROCESSOR_DEFINITIONS = (
					"DEBUG=1",
					"$(inherited)",
				);
				GCC_WARN_64_TO_32_BIT_CONVERSION = YES;
				GCC_WARN_ABOUT_RETURN_TYPE = YES_ERROR;
				GCC_WARN_UNDECLARED_SELECTOR = YES;
				GCC_WARN_UNINITIALIZED_AUTOS = YES_AGGRESSIVE;
				GCC_WARN_UNUSED_FUNCTION = YES;
				GCC_WARN_UNUSED_VARIABLE = YES;
				IPHONEOS_DEPLOYMENT_TARGET = 11.2;
				MTL_ENABLE_DEBUG_INFO = YES;
				ONLY_ACTIVE_ARCH = YES;
				SDKROOT = iphoneos;
				SWIFT_ACTIVE_COMPILATION_CONDITIONS = DEBUG;
				SWIFT_OPTIMIZATION_LEVEL = "-Onone";
			};
			name = Debug;
		};
		16636DAD201F8FAB00AF7E3E /* Release */ = {
			isa = XCBuildConfiguration;
			buildSettings = {
				ALWAYS_SEARCH_USER_PATHS = NO;
				CLANG_ANALYZER_NONNULL = YES;
				CLANG_ANALYZER_NUMBER_OBJECT_CONVERSION = YES_AGGRESSIVE;
				CLANG_CXX_LANGUAGE_STANDARD = "gnu++14";
				CLANG_CXX_LIBRARY = "libc++";
				CLANG_ENABLE_MODULES = YES;
				CLANG_ENABLE_OBJC_ARC = YES;
				CLANG_WARN_BLOCK_CAPTURE_AUTORELEASING = YES;
				CLANG_WARN_BOOL_CONVERSION = YES;
				CLANG_WARN_COMMA = YES;
				CLANG_WARN_CONSTANT_CONVERSION = YES;
				CLANG_WARN_DIRECT_OBJC_ISA_USAGE = YES_ERROR;
				CLANG_WARN_DOCUMENTATION_COMMENTS = YES;
				CLANG_WARN_EMPTY_BODY = YES;
				CLANG_WARN_ENUM_CONVERSION = YES;
				CLANG_WARN_INFINITE_RECURSION = YES;
				CLANG_WARN_INT_CONVERSION = YES;
				CLANG_WARN_NON_LITERAL_NULL_CONVERSION = YES;
				CLANG_WARN_OBJC_LITERAL_CONVERSION = YES;
				CLANG_WARN_OBJC_ROOT_CLASS = YES_ERROR;
				CLANG_WARN_RANGE_LOOP_ANALYSIS = YES;
				CLANG_WARN_STRICT_PROTOTYPES = YES;
				CLANG_WARN_SUSPICIOUS_MOVE = YES;
				CLANG_WARN_UNGUARDED_AVAILABILITY = YES_AGGRESSIVE;
				CLANG_WARN_UNREACHABLE_CODE = YES;
				CLANG_WARN__DUPLICATE_METHOD_MATCH = YES;
				CODE_SIGN_IDENTITY = "iPhone Developer";
				COPY_PHASE_STRIP = NO;
				DEBUG_INFORMATION_FORMAT = "dwarf-with-dsym";
				ENABLE_NS_ASSERTIONS = NO;
				ENABLE_STRICT_OBJC_MSGSEND = YES;
				GCC_C_LANGUAGE_STANDARD = gnu11;
				GCC_NO_COMMON_BLOCKS = YES;
				GCC_WARN_64_TO_32_BIT_CONVERSION = YES;
				GCC_WARN_ABOUT_RETURN_TYPE = YES_ERROR;
				GCC_WARN_UNDECLARED_SELECTOR = YES;
				GCC_WARN_UNINITIALIZED_AUTOS = YES_AGGRESSIVE;
				GCC_WARN_UNUSED_FUNCTION = YES;
				GCC_WARN_UNUSED_VARIABLE = YES;
				IPHONEOS_DEPLOYMENT_TARGET = 11.2;
				MTL_ENABLE_DEBUG_INFO = NO;
				SDKROOT = iphoneos;
				SWIFT_OPTIMIZATION_LEVEL = "-Owholemodule";
				VALIDATE_PRODUCT = YES;
			};
			name = Release;
		};
		16636DAF201F8FAB00AF7E3E /* Debug */ = {
			isa = XCBuildConfiguration;
			buildSettings = {
				ASSETCATALOG_COMPILER_APPICON_NAME = AppIcon;
				CODE_SIGN_STYLE = Automatic;
				INFOPLIST_FILE = Segue/Info.plist;
				LD_RUNPATH_SEARCH_PATHS = "$(inherited) @executable_path/Frameworks";
				PRODUCT_BUNDLE_IDENTIFIER = org.bcp.cs.jma.Segue;
				PRODUCT_NAME = "$(TARGET_NAME)";
				SWIFT_VERSION = 4.0;
				TARGETED_DEVICE_FAMILY = "1,2";
			};
			name = Debug;
		};
		16636DB0201F8FAB00AF7E3E /* Release */ = {
			isa = XCBuildConfiguration;
			buildSettings = {
				ASSETCATALOG_COMPILER_APPICON_NAME = AppIcon;
				CODE_SIGN_STYLE = Automatic;
				INFOPLIST_FILE = Segue/Info.plist;
				LD_RUNPATH_SEARCH_PATHS = "$(inherited) @executable_path/Frameworks";
				PRODUCT_BUNDLE_IDENTIFIER = org.bcp.cs.jma.Segue;
				PRODUCT_NAME = "$(TARGET_NAME)";
				SWIFT_VERSION = 4.0;
				TARGETED_DEVICE_FAMILY = "1,2";
			};
			name = Release;
		};
		16636DB2201F8FAB00AF7E3E /* Debug */ = {
			isa = XCBuildConfiguration;
			buildSettings = {
				ALWAYS_EMBED_SWIFT_STANDARD_LIBRARIES = YES;
				BUNDLE_LOADER = "$(TEST_HOST)";
				CODE_SIGN_STYLE = Automatic;
				INFOPLIST_FILE = SegueTests/Info.plist;
				LD_RUNPATH_SEARCH_PATHS = "$(inherited) @executable_path/Frameworks @loader_path/Frameworks";
				PRODUCT_BUNDLE_IDENTIFIER = org.bcp.cs.jma.SegueTests;
				PRODUCT_NAME = "$(TARGET_NAME)";
				SWIFT_VERSION = 4.0;
				TARGETED_DEVICE_FAMILY = "1,2";
				TEST_HOST = "$(BUILT_PRODUCTS_DIR)/Segue.app/Segue";
			};
			name = Debug;
		};
		16636DB3201F8FAB00AF7E3E /* Release */ = {
			isa = XCBuildConfiguration;
			buildSettings = {
				ALWAYS_EMBED_SWIFT_STANDARD_LIBRARIES = YES;
				BUNDLE_LOADER = "$(TEST_HOST)";
				CODE_SIGN_STYLE = Automatic;
				INFOPLIST_FILE = SegueTests/Info.plist;
				LD_RUNPATH_SEARCH_PATHS = "$(inherited) @executable_path/Frameworks @loader_path/Frameworks";
				PRODUCT_BUNDLE_IDENTIFIER = org.bcp.cs.jma.SegueTests;
				PRODUCT_NAME = "$(TARGET_NAME)";
				SWIFT_VERSION = 4.0;
				TARGETED_DEVICE_FAMILY = "1,2";
				TEST_HOST = "$(BUILT_PRODUCTS_DIR)/Segue.app/Segue";
			};
			name = Release;
		};
		16636DB5201F8FAB00AF7E3E /* Debug */ = {
			isa = XCBuildConfiguration;
			buildSettings = {
				ALWAYS_EMBED_SWIFT_STANDARD_LIBRARIES = YES;
				CODE_SIGN_STYLE = Automatic;
				INFOPLIST_FILE = SegueUITests/Info.plist;
				LD_RUNPATH_SEARCH_PATHS = "$(inherited) @executable_path/Frameworks @loader_path/Frameworks";
				PRODUCT_BUNDLE_IDENTIFIER = org.bcp.cs.jma.SegueUITests;
				PRODUCT_NAME = "$(TARGET_NAME)";
				SWIFT_VERSION = 4.0;
				TARGETED_DEVICE_FAMILY = "1,2";
				TEST_TARGET_NAME = Segue;
			};
			name = Debug;
		};
		16636DB6201F8FAB00AF7E3E /* Release */ = {
			isa = XCBuildConfiguration;
			buildSettings = {
				ALWAYS_EMBED_SWIFT_STANDARD_LIBRARIES = YES;
				CODE_SIGN_STYLE = Automatic;
				INFOPLIST_FILE = SegueUITests/Info.plist;
				LD_RUNPATH_SEARCH_PATHS = "$(inherited) @executable_path/Frameworks @loader_path/Frameworks";
				PRODUCT_BUNDLE_IDENTIFIER = org.bcp.cs.jma.SegueUITests;
				PRODUCT_NAME = "$(TARGET_NAME)";
				SWIFT_VERSION = 4.0;
				TARGETED_DEVICE_FAMILY = "1,2";
				TEST_TARGET_NAME = Segue;
			};
			name = Release;
		};
/* End XCBuildConfiguration section */

/* Begin XCConfigurationList section */
		16636D81201F8FAB00AF7E3E /* Build configuration list for PBXProject "Segue" */ = {
			isa = XCConfigurationList;
			buildConfigurations = (
				16636DAC201F8FAB00AF7E3E /* Debug */,
				16636DAD201F8FAB00AF7E3E /* Release */,
			);
			defaultConfigurationIsVisible = 0;
			defaultConfigurationName = Release;
		};
		16636DAE201F8FAB00AF7E3E /* Build configuration list for PBXNativeTarget "Segue" */ = {
			isa = XCConfigurationList;
			buildConfigurations = (
				16636DAF201F8FAB00AF7E3E /* Debug */,
				16636DB0201F8FAB00AF7E3E /* Release */,
			);
			defaultConfigurationIsVisible = 0;
			defaultConfigurationName = Release;
		};
		16636DB1201F8FAB00AF7E3E /* Build configuration list for PBXNativeTarget "SegueTests" */ = {
			isa = XCConfigurationList;
			buildConfigurations = (
				16636DB2201F8FAB00AF7E3E /* Debug */,
				16636DB3201F8FAB00AF7E3E /* Release */,
			);
			defaultConfigurationIsVisible = 0;
			defaultConfigurationName = Release;
		};
		16636DB4201F8FAB00AF7E3E /* Build configuration list for PBXNativeTarget "SegueUITests" */ = {
			isa = XCConfigurationList;
			buildConfigurations = (
				16636DB5201F8FAB00AF7E3E /* Debug */,
				16636DB6201F8FAB00AF7E3E /* Release */,
			);
			defaultConfigurationIsVisible = 0;
			defaultConfigurationName = Release;
		};
/* End XCConfigurationList section */
	};
	rootObject = 16636D7E201F8FAB00AF7E3E /* Project object */;
}
