// !$*UTF8*$!
{
	archiveVersion = 1;
	classes = {
	};
	objectVersion = 48;
	objects = {

/* Begin PBXBuildFile section */
		1659958E20192E66004E0B96 /* AppDelegate.swift in Sources */ = {isa = PBXBuildFile; fileRef = 1659958D20192E66004E0B96 /* AppDelegate.swift */; };
		1659959020192E66004E0B96 /* ViewController.swift in Sources */ = {isa = PBXBuildFile; fileRef = 1659958F20192E66004E0B96 /* ViewController.swift */; };
		1659959320192E66004E0B96 /* Main.storyboard in Resources */ = {isa = PBXBuildFile; fileRef = 1659959120192E66004E0B96 /* Main.storyboard */; };
		1659959520192E66004E0B96 /* Assets.xcassets in Resources */ = {isa = PBXBuildFile; fileRef = 1659959420192E66004E0B96 /* Assets.xcassets */; };
		1659959820192E66004E0B96 /* LaunchScreen.storyboard in Resources */ = {isa = PBXBuildFile; fileRef = 1659959620192E66004E0B96 /* LaunchScreen.storyboard */; };
		165995A320192E66004E0B96 /* tableViewTests.swift in Sources */ = {isa = PBXBuildFile; fileRef = 165995A220192E66004E0B96 /* tableViewTests.swift */; };
		165995AE20192E66004E0B96 /* tableViewUITests.swift in Sources */ = {isa = PBXBuildFile; fileRef = 165995AD20192E66004E0B96 /* tableViewUITests.swift */; };
/* End PBXBuildFile section */

/* Begin PBXContainerItemProxy section */
		1659959F20192E66004E0B96 /* PBXContainerItemProxy */ = {
			isa = PBXContainerItemProxy;
			containerPortal = 1659958220192E66004E0B96 /* Project object */;
			proxyType = 1;
			remoteGlobalIDString = 1659958920192E66004E0B96;
			remoteInfo = tableView;
		};
		165995AA20192E66004E0B96 /* PBXContainerItemProxy */ = {
			isa = PBXContainerItemProxy;
			containerPortal = 1659958220192E66004E0B96 /* Project object */;
			proxyType = 1;
			remoteGlobalIDString = 1659958920192E66004E0B96;
			remoteInfo = tableView;
		};
/* End PBXContainerItemProxy section */

/* Begin PBXFileReference section */
		1659958A20192E66004E0B96 /* tableView.app */ = {isa = PBXFileReference; explicitFileType = wrapper.application; includeInIndex = 0; path = tableView.app; sourceTree = BUILT_PRODUCTS_DIR; };
		1659958D20192E66004E0B96 /* AppDelegate.swift */ = {isa = PBXFileReference; lastKnownFileType = sourcecode.swift; path = AppDelegate.swift; sourceTree = "<group>"; };
		1659958F20192E66004E0B96 /* ViewController.swift */ = {isa = PBXFileReference; lastKnownFileType = sourcecode.swift; path = ViewController.swift; sourceTree = "<group>"; };
		1659959220192E66004E0B96 /* Base */ = {isa = PBXFileReference; lastKnownFileType = file.storyboard; name = Base; path = Base.lproj/Main.storyboard; sourceTree = "<group>"; };
		1659959420192E66004E0B96 /* Assets.xcassets */ = {isa = PBXFileReference; lastKnownFileType = folder.assetcatalog; path = Assets.xcassets; sourceTree = "<group>"; };
		1659959720192E66004E0B96 /* Base */ = {isa = PBXFileReference; lastKnownFileType = file.storyboard; name = Base; path = Base.lproj/LaunchScreen.storyboard; sourceTree = "<group>"; };
		1659959920192E66004E0B96 /* Info.plist */ = {isa = PBXFileReference; lastKnownFileType = text.plist.xml; path = Info.plist; sourceTree = "<group>"; };
		1659959E20192E66004E0B96 /* tableViewTests.xctest */ = {isa = PBXFileReference; explicitFileType = wrapper.cfbundle; includeInIndex = 0; path = tableViewTests.xctest; sourceTree = BUILT_PRODUCTS_DIR; };
		165995A220192E66004E0B96 /* tableViewTests.swift */ = {isa = PBXFileReference; lastKnownFileType = sourcecode.swift; path = tableViewTests.swift; sourceTree = "<group>"; };
		165995A420192E66004E0B96 /* Info.plist */ = {isa = PBXFileReference; lastKnownFileType = text.plist.xml; path = Info.plist; sourceTree = "<group>"; };
		165995A920192E66004E0B96 /* tableViewUITests.xctest */ = {isa = PBXFileReference; explicitFileType = wrapper.cfbundle; includeInIndex = 0; path = tableViewUITests.xctest; sourceTree = BUILT_PRODUCTS_DIR; };
		165995AD20192E66004E0B96 /* tableViewUITests.swift */ = {isa = PBXFileReference; lastKnownFileType = sourcecode.swift; path = tableViewUITests.swift; sourceTree = "<group>"; };
		165995AF20192E66004E0B96 /* Info.plist */ = {isa = PBXFileReference; lastKnownFileType = text.plist.xml; path = Info.plist; sourceTree = "<group>"; };
/* End PBXFileReference section */

/* Begin PBXFrameworksBuildPhase section */
		1659958720192E66004E0B96 /* Frameworks */ = {
			isa = PBXFrameworksBuildPhase;
			buildActionMask = 2147483647;
			files = (
			);
			runOnlyForDeploymentPostprocessing = 0;
		};
		1659959B20192E66004E0B96 /* Frameworks */ = {
			isa = PBXFrameworksBuildPhase;
			buildActionMask = 2147483647;
			files = (
			);
			runOnlyForDeploymentPostprocessing = 0;
		};
		165995A620192E66004E0B96 /* Frameworks */ = {
			isa = PBXFrameworksBuildPhase;
			buildActionMask = 2147483647;
			files = (
			);
			runOnlyForDeploymentPostprocessing = 0;
		};
/* End PBXFrameworksBuildPhase section */

/* Begin PBXGroup section */
		1659958120192E66004E0B96 = {
			isa = PBXGroup;
			children = (
				1659958C20192E66004E0B96 /* tableView */,
				165995A120192E66004E0B96 /* tableViewTests */,
				165995AC20192E66004E0B96 /* tableViewUITests */,
				1659958B20192E66004E0B96 /* Products */,
			);
			sourceTree = "<group>";
		};
		1659958B20192E66004E0B96 /* Products */ = {
			isa = PBXGroup;
			children = (
				1659958A20192E66004E0B96 /* tableView.app */,
				1659959E20192E66004E0B96 /* tableViewTests.xctest */,
				165995A920192E66004E0B96 /* tableViewUITests.xctest */,
			);
			name = Products;
			sourceTree = "<group>";
		};
		1659958C20192E66004E0B96 /* tableView */ = {
			isa = PBXGroup;
			children = (
				1659958D20192E66004E0B96 /* AppDelegate.swift */,
				1659958F20192E66004E0B96 /* ViewController.swift */,
				1659959120192E66004E0B96 /* Main.storyboard */,
				1659959420192E66004E0B96 /* Assets.xcassets */,
				1659959620192E66004E0B96 /* LaunchScreen.storyboard */,
				1659959920192E66004E0B96 /* Info.plist */,
			);
			path = tableView;
			sourceTree = "<group>";
		};
		165995A120192E66004E0B96 /* tableViewTests */ = {
			isa = PBXGroup;
			children = (
				165995A220192E66004E0B96 /* tableViewTests.swift */,
				165995A420192E66004E0B96 /* Info.plist */,
			);
			path = tableViewTests;
			sourceTree = "<group>";
		};
		165995AC20192E66004E0B96 /* tableViewUITests */ = {
			isa = PBXGroup;
			children = (
				165995AD20192E66004E0B96 /* tableViewUITests.swift */,
				165995AF20192E66004E0B96 /* Info.plist */,
			);
			path = tableViewUITests;
			sourceTree = "<group>";
		};
/* End PBXGroup section */

/* Begin PBXNativeTarget section */
		1659958920192E66004E0B96 /* tableView */ = {
			isa = PBXNativeTarget;
			buildConfigurationList = 165995B220192E66004E0B96 /* Build configuration list for PBXNativeTarget "tableView" */;
			buildPhases = (
				1659958620192E66004E0B96 /* Sources */,
				1659958720192E66004E0B96 /* Frameworks */,
				1659958820192E66004E0B96 /* Resources */,
			);
			buildRules = (
			);
			dependencies = (
			);
			name = tableView;
			productName = tableView;
			productReference = 1659958A20192E66004E0B96 /* tableView.app */;
			productType = "com.apple.product-type.application";
		};
		1659959D20192E66004E0B96 /* tableViewTests */ = {
			isa = PBXNativeTarget;
			buildConfigurationList = 165995B520192E66004E0B96 /* Build configuration list for PBXNativeTarget "tableViewTests" */;
			buildPhases = (
				1659959A20192E66004E0B96 /* Sources */,
				1659959B20192E66004E0B96 /* Frameworks */,
				1659959C20192E66004E0B96 /* Resources */,
			);
			buildRules = (
			);
			dependencies = (
				165995A020192E66004E0B96 /* PBXTargetDependency */,
			);
			name = tableViewTests;
			productName = tableViewTests;
			productReference = 1659959E20192E66004E0B96 /* tableViewTests.xctest */;
			productType = "com.apple.product-type.bundle.unit-test";
		};
		165995A820192E66004E0B96 /* tableViewUITests */ = {
			isa = PBXNativeTarget;
			buildConfigurationList = 165995B820192E66004E0B96 /* Build configuration list for PBXNativeTarget "tableViewUITests" */;
			buildPhases = (
				165995A520192E66004E0B96 /* Sources */,
				165995A620192E66004E0B96 /* Frameworks */,
				165995A720192E66004E0B96 /* Resources */,
			);
			buildRules = (
			);
			dependencies = (
				165995AB20192E66004E0B96 /* PBXTargetDependency */,
			);
			name = tableViewUITests;
			productName = tableViewUITests;
			productReference = 165995A920192E66004E0B96 /* tableViewUITests.xctest */;
			productType = "com.apple.product-type.bundle.ui-testing";
		};
/* End PBXNativeTarget section */

/* Begin PBXProject section */
		1659958220192E66004E0B96 /* Project object */ = {
			isa = PBXProject;
			attributes = {
				LastSwiftUpdateCheck = 0920;
				LastUpgradeCheck = 0920;
				ORGANIZATIONNAME = "Ma, Jeffrey '18";
				TargetAttributes = {
					1659958920192E66004E0B96 = {
						CreatedOnToolsVersion = 9.2;
						ProvisioningStyle = Automatic;
					};
					1659959D20192E66004E0B96 = {
						CreatedOnToolsVersion = 9.2;
						ProvisioningStyle = Automatic;
						TestTargetID = 1659958920192E66004E0B96;
					};
					165995A820192E66004E0B96 = {
						CreatedOnToolsVersion = 9.2;
						ProvisioningStyle = Automatic;
						TestTargetID = 1659958920192E66004E0B96;
					};
				};
			};
			buildConfigurationList = 1659958520192E66004E0B96 /* Build configuration list for PBXProject "tableView" */;
			compatibilityVersion = "Xcode 8.0";
			developmentRegion = en;
			hasScannedForEncodings = 0;
			knownRegions = (
				en,
				Base,
			);
			mainGroup = 1659958120192E66004E0B96;
			productRefGroup = 1659958B20192E66004E0B96 /* Products */;
			projectDirPath = "";
			projectRoot = "";
			targets = (
				1659958920192E66004E0B96 /* tableView */,
				1659959D20192E66004E0B96 /* tableViewTests */,
				165995A820192E66004E0B96 /* tableViewUITests */,
			);
		};
/* End PBXProject section */

/* Begin PBXResourcesBuildPhase section */
		1659958820192E66004E0B96 /* Resources */ = {
			isa = PBXResourcesBuildPhase;
			buildActionMask = 2147483647;
			files = (
				1659959820192E66004E0B96 /* LaunchScreen.storyboard in Resources */,
				1659959520192E66004E0B96 /* Assets.xcassets in Resources */,
				1659959320192E66004E0B96 /* Main.storyboard in Resources */,
			);
			runOnlyForDeploymentPostprocessing = 0;
		};
		1659959C20192E66004E0B96 /* Resources */ = {
			isa = PBXResourcesBuildPhase;
			buildActionMask = 2147483647;
			files = (
			);
			runOnlyForDeploymentPostprocessing = 0;
		};
		165995A720192E66004E0B96 /* Resources */ = {
			isa = PBXResourcesBuildPhase;
			buildActionMask = 2147483647;
			files = (
			);
			runOnlyForDeploymentPostprocessing = 0;
		};
/* End PBXResourcesBuildPhase section */

/* Begin PBXSourcesBuildPhase section */
		1659958620192E66004E0B96 /* Sources */ = {
			isa = PBXSourcesBuildPhase;
			buildActionMask = 2147483647;
			files = (
				1659959020192E66004E0B96 /* ViewController.swift in Sources */,
				1659958E20192E66004E0B96 /* AppDelegate.swift in Sources */,
			);
			runOnlyForDeploymentPostprocessing = 0;
		};
		1659959A20192E66004E0B96 /* Sources */ = {
			isa = PBXSourcesBuildPhase;
			buildActionMask = 2147483647;
			files = (
				165995A320192E66004E0B96 /* tableViewTests.swift in Sources */,
			);
			runOnlyForDeploymentPostprocessing = 0;
		};
		165995A520192E66004E0B96 /* Sources */ = {
			isa = PBXSourcesBuildPhase;
			buildActionMask = 2147483647;
			files = (
				165995AE20192E66004E0B96 /* tableViewUITests.swift in Sources */,
			);
			runOnlyForDeploymentPostprocessing = 0;
		};
/* End PBXSourcesBuildPhase section */

/* Begin PBXTargetDependency section */
		165995A020192E66004E0B96 /* PBXTargetDependency */ = {
			isa = PBXTargetDependency;
			target = 1659958920192E66004E0B96 /* tableView */;
			targetProxy = 1659959F20192E66004E0B96 /* PBXContainerItemProxy */;
		};
		165995AB20192E66004E0B96 /* PBXTargetDependency */ = {
			isa = PBXTargetDependency;
			target = 1659958920192E66004E0B96 /* tableView */;
			targetProxy = 165995AA20192E66004E0B96 /* PBXContainerItemProxy */;
		};
/* End PBXTargetDependency section */

/* Begin PBXVariantGroup section */
		1659959120192E66004E0B96 /* Main.storyboard */ = {
			isa = PBXVariantGroup;
			children = (
				1659959220192E66004E0B96 /* Base */,
			);
			name = Main.storyboard;
			sourceTree = "<group>";
		};
		1659959620192E66004E0B96 /* LaunchScreen.storyboard */ = {
			isa = PBXVariantGroup;
			children = (
				1659959720192E66004E0B96 /* Base */,
			);
			name = LaunchScreen.storyboard;
			sourceTree = "<group>";
		};
/* End PBXVariantGroup section */

/* Begin XCBuildConfiguration section */
		165995B020192E66004E0B96 /* Debug */ = {
			isa = XCBuildConfiguration;
			buildSettings = {
				ALWAYS_SEARCH_USER_PATHS = NO;
				CLANG_ANALYZER_NONNULL = YES;
				CLANG_ANALYZER_NUMBER_OBJECT_CONVERSION = YES_AGGRESSIVE;
				CLANG_CXX_LANGUAGE_STANDARD = "gnu++14";
				CLANG_CXX_LIBRARY = "libc++";
				CLANG_ENABLE_MODULES = YES;
				CLANG_ENABLE_OBJC_ARC = YES;
				CLANG_WARN_BLOCK_CAPTURE_AUTORELEASING = YES;
				CLANG_WARN_BOOL_CONVERSION = YES;
				CLANG_WARN_COMMA = YES;
				CLANG_WARN_CONSTANT_CONVERSION = YES;
				CLANG_WARN_DIRECT_OBJC_ISA_USAGE = YES_ERROR;
				CLANG_WARN_DOCUMENTATION_COMMENTS = YES;
				CLANG_WARN_EMPTY_BODY = YES;
				CLANG_WARN_ENUM_CONVERSION = YES;
				CLANG_WARN_INFINITE_RECURSION = YES;
				CLANG_WARN_INT_CONVERSION = YES;
				CLANG_WARN_NON_LITERAL_NULL_CONVERSION = YES;
				CLANG_WARN_OBJC_LITERAL_CONVERSION = YES;
				CLANG_WARN_OBJC_ROOT_CLASS = YES_ERROR;
				CLANG_WARN_RANGE_LOOP_ANALYSIS = YES;
				CLANG_WARN_STRICT_PROTOTYPES = YES;
				CLANG_WARN_SUSPICIOUS_MOVE = YES;
				CLANG_WARN_UNGUARDED_AVAILABILITY = YES_AGGRESSIVE;
				CLANG_WARN_UNREACHABLE_CODE = YES;
				CLANG_WARN__DUPLICATE_METHOD_MATCH = YES;
				CODE_SIGN_IDENTITY = "iPhone Developer";
				COPY_PHASE_STRIP = NO;
				DEBUG_INFORMATION_FORMAT = dwarf;
				ENABLE_STRICT_OBJC_MSGSEND = YES;
				ENABLE_TESTABILITY = YES;
				GCC_C_LANGUAGE_STANDARD = gnu11;
				GCC_DYNAMIC_NO_PIC = NO;
				GCC_NO_COMMON_BLOCKS = YES;
				GCC_OPTIMIZATION_LEVEL = 0;
				GCC_PREPROCESSOR_DEFINITIONS = (
					"DEBUG=1",
					"$(inherited)",
				);
				GCC_WARN_64_TO_32_BIT_CONVERSION = YES;
				GCC_WARN_ABOUT_RETURN_TYPE = YES_ERROR;
				GCC_WARN_UNDECLARED_SELECTOR = YES;
				GCC_WARN_UNINITIALIZED_AUTOS = YES_AGGRESSIVE;
				GCC_WARN_UNUSED_FUNCTION = YES;
				GCC_WARN_UNUSED_VARIABLE = YES;
				IPHONEOS_DEPLOYMENT_TARGET = 11.2;
				MTL_ENABLE_DEBUG_INFO = YES;
				ONLY_ACTIVE_ARCH = YES;
				SDKROOT = iphoneos;
				SWIFT_ACTIVE_COMPILATION_CONDITIONS = DEBUG;
				SWIFT_OPTIMIZATION_LEVEL = "-Onone";
			};
			name = Debug;
		};
		165995B120192E66004E0B96 /* Release */ = {
			isa = XCBuildConfiguration;
			buildSettings = {
				ALWAYS_SEARCH_USER_PATHS = NO;
				CLANG_ANALYZER_NONNULL = YES;
				CLANG_ANALYZER_NUMBER_OBJECT_CONVERSION = YES_AGGRESSIVE;
				CLANG_CXX_LANGUAGE_STANDARD = "gnu++14";
				CLANG_CXX_LIBRARY = "libc++";
				CLANG_ENABLE_MODULES = YES;
				CLANG_ENABLE_OBJC_ARC = YES;
				CLANG_WARN_BLOCK_CAPTURE_AUTORELEASING = YES;
				CLANG_WARN_BOOL_CONVERSION = YES;
				CLANG_WARN_COMMA = YES;
				CLANG_WARN_CONSTANT_CONVERSION = YES;
				CLANG_WARN_DIRECT_OBJC_ISA_USAGE = YES_ERROR;
				CLANG_WARN_DOCUMENTATION_COMMENTS = YES;
				CLANG_WARN_EMPTY_BODY = YES;
				CLANG_WARN_ENUM_CONVERSION = YES;
				CLANG_WARN_INFINITE_RECURSION = YES;
				CLANG_WARN_INT_CONVERSION = YES;
				CLANG_WARN_NON_LITERAL_NULL_CONVERSION = YES;
				CLANG_WARN_OBJC_LITERAL_CONVERSION = YES;
				CLANG_WARN_OBJC_ROOT_CLASS = YES_ERROR;
				CLANG_WARN_RANGE_LOOP_ANALYSIS = YES;
				CLANG_WARN_STRICT_PROTOTYPES = YES;
				CLANG_WARN_SUSPICIOUS_MOVE = YES;
				CLANG_WARN_UNGUARDED_AVAILABILITY = YES_AGGRESSIVE;
				CLANG_WARN_UNREACHABLE_CODE = YES;
				CLANG_WARN__DUPLICATE_METHOD_MATCH = YES;
				CODE_SIGN_IDENTITY = "iPhone Developer";
				COPY_PHASE_STRIP = NO;
				DEBUG_INFORMATION_FORMAT = "dwarf-with-dsym";
				ENABLE_NS_ASSERTIONS = NO;
				ENABLE_STRICT_OBJC_MSGSEND = YES;
				GCC_C_LANGUAGE_STANDARD = gnu11;
				GCC_NO_COMMON_BLOCKS = YES;
				GCC_WARN_64_TO_32_BIT_CONVERSION = YES;
				GCC_WARN_ABOUT_RETURN_TYPE = YES_ERROR;
				GCC_WARN_UNDECLARED_SELECTOR = YES;
				GCC_WARN_UNINITIALIZED_AUTOS = YES_AGGRESSIVE;
				GCC_WARN_UNUSED_FUNCTION = YES;
				GCC_WARN_UNUSED_VARIABLE = YES;
				IPHONEOS_DEPLOYMENT_TARGET = 11.2;
				MTL_ENABLE_DEBUG_INFO = NO;
				SDKROOT = iphoneos;
				SWIFT_OPTIMIZATION_LEVEL = "-Owholemodule";
				VALIDATE_PRODUCT = YES;
			};
			name = Release;
		};
		165995B320192E66004E0B96 /* Debug */ = {
			isa = XCBuildConfiguration;
			buildSettings = {
				ASSETCATALOG_COMPILER_APPICON_NAME = AppIcon;
				CODE_SIGN_STYLE = Automatic;
				INFOPLIST_FILE = tableView/Info.plist;
				LD_RUNPATH_SEARCH_PATHS = "$(inherited) @executable_path/Frameworks";
				PRODUCT_BUNDLE_IDENTIFIER = org.bcp.cs.jma.tableView;
				PRODUCT_NAME = "$(TARGET_NAME)";
				SWIFT_VERSION = 4.0;
				TARGETED_DEVICE_FAMILY = "1,2";
			};
			name = Debug;
		};
		165995B420192E66004E0B96 /* Release */ = {
			isa = XCBuildConfiguration;
			buildSettings = {
				ASSETCATALOG_COMPILER_APPICON_NAME = AppIcon;
				CODE_SIGN_STYLE = Automatic;
				INFOPLIST_FILE = tableView/Info.plist;
				LD_RUNPATH_SEARCH_PATHS = "$(inherited) @executable_path/Frameworks";
				PRODUCT_BUNDLE_IDENTIFIER = org.bcp.cs.jma.tableView;
				PRODUCT_NAME = "$(TARGET_NAME)";
				SWIFT_VERSION = 4.0;
				TARGETED_DEVICE_FAMILY = "1,2";
			};
			name = Release;
		};
		165995B620192E66004E0B96 /* Debug */ = {
			isa = XCBuildConfiguration;
			buildSettings = {
				ALWAYS_EMBED_SWIFT_STANDARD_LIBRARIES = YES;
				BUNDLE_LOADER = "$(TEST_HOST)";
				CODE_SIGN_STYLE = Automatic;
				INFOPLIST_FILE = tableViewTests/Info.plist;
				LD_RUNPATH_SEARCH_PATHS = "$(inherited) @executable_path/Frameworks @loader_path/Frameworks";
				PRODUCT_BUNDLE_IDENTIFIER = org.bcp.cs.jma.tableViewTests;
				PRODUCT_NAME = "$(TARGET_NAME)";
				SWIFT_VERSION = 4.0;
				TARGETED_DEVICE_FAMILY = "1,2";
				TEST_HOST = "$(BUILT_PRODUCTS_DIR)/tableView.app/tableView";
			};
			name = Debug;
		};
		165995B720192E66004E0B96 /* Release */ = {
			isa = XCBuildConfiguration;
			buildSettings = {
				ALWAYS_EMBED_SWIFT_STANDARD_LIBRARIES = YES;
				BUNDLE_LOADER = "$(TEST_HOST)";
				CODE_SIGN_STYLE = Automatic;
				INFOPLIST_FILE = tableViewTests/Info.plist;
				LD_RUNPATH_SEARCH_PATHS = "$(inherited) @executable_path/Frameworks @loader_path/Frameworks";
				PRODUCT_BUNDLE_IDENTIFIER = org.bcp.cs.jma.tableViewTests;
				PRODUCT_NAME = "$(TARGET_NAME)";
				SWIFT_VERSION = 4.0;
				TARGETED_DEVICE_FAMILY = "1,2";
				TEST_HOST = "$(BUILT_PRODUCTS_DIR)/tableView.app/tableView";
			};
			name = Release;
		};
		165995B920192E66004E0B96 /* Debug */ = {
			isa = XCBuildConfiguration;
			buildSettings = {
				ALWAYS_EMBED_SWIFT_STANDARD_LIBRARIES = YES;
				CODE_SIGN_STYLE = Automatic;
				INFOPLIST_FILE = tableViewUITests/Info.plist;
				LD_RUNPATH_SEARCH_PATHS = "$(inherited) @executable_path/Frameworks @loader_path/Frameworks";
				PRODUCT_BUNDLE_IDENTIFIER = org.bcp.cs.jma.tableViewUITests;
				PRODUCT_NAME = "$(TARGET_NAME)";
				SWIFT_VERSION = 4.0;
				TARGETED_DEVICE_FAMILY = "1,2";
				TEST_TARGET_NAME = tableView;
			};
			name = Debug;
		};
		165995BA20192E66004E0B96 /* Release */ = {
			isa = XCBuildConfiguration;
			buildSettings = {
				ALWAYS_EMBED_SWIFT_STANDARD_LIBRARIES = YES;
				CODE_SIGN_STYLE = Automatic;
				INFOPLIST_FILE = tableViewUITests/Info.plist;
				LD_RUNPATH_SEARCH_PATHS = "$(inherited) @executable_path/Frameworks @loader_path/Frameworks";
				PRODUCT_BUNDLE_IDENTIFIER = org.bcp.cs.jma.tableViewUITests;
				PRODUCT_NAME = "$(TARGET_NAME)";
				SWIFT_VERSION = 4.0;
				TARGETED_DEVICE_FAMILY = "1,2";
				TEST_TARGET_NAME = tableView;
			};
			name = Release;
		};
/* End XCBuildConfiguration section */

/* Begin XCConfigurationList section */
		1659958520192E66004E0B96 /* Build configuration list for PBXProject "tableView" */ = {
			isa = XCConfigurationList;
			buildConfigurations = (
				165995B020192E66004E0B96 /* Debug */,
				165995B120192E66004E0B96 /* Release */,
			);
			defaultConfigurationIsVisible = 0;
			defaultConfigurationName = Release;
		};
		165995B220192E66004E0B96 /* Build configuration list for PBXNativeTarget "tableView" */ = {
			isa = XCConfigurationList;
			buildConfigurations = (
				165995B320192E66004E0B96 /* Debug */,
				165995B420192E66004E0B96 /* Release */,
			);
			defaultConfigurationIsVisible = 0;
			defaultConfigurationName = Release;
		};
		165995B520192E66004E0B96 /* Build configuration list for PBXNativeTarget "tableViewTests" */ = {
			isa = XCConfigurationList;
			buildConfigurations = (
				165995B620192E66004E0B96 /* Debug */,
				165995B720192E66004E0B96 /* Release */,
			);
			defaultConfigurationIsVisible = 0;
			defaultConfigurationName = Release;
		};
		165995B820192E66004E0B96 /* Build configuration list for PBXNativeTarget "tableViewUITests" */ = {
			isa = XCConfigurationList;
			buildConfigurations = (
				165995B920192E66004E0B96 /* Debug */,
				165995BA20192E66004E0B96 /* Release */,
			);
			defaultConfigurationIsVisible = 0;
			defaultConfigurationName = Release;
		};
/* End XCConfigurationList section */
	};
	rootObject = 1659958220192E66004E0B96 /* Project object */;
}
