// !$*UTF8*$!
{
	archiveVersion = 1;
	classes = {
	};
	objectVersion = 48;
	objects = {

/* Begin PBXBuildFile section */
		16A933A62016561C00CF5734 /* AppDelegate.swift in Sources */ = {isa = PBXBuildFile; fileRef = 16A933A52016561C00CF5734 /* AppDelegate.swift */; };
		16A933A82016561C00CF5734 /* ViewController.swift in Sources */ = {isa = PBXBuildFile; fileRef = 16A933A72016561C00CF5734 /* ViewController.swift */; };
		16A933AB2016561C00CF5734 /* Main.storyboard in Resources */ = {isa = PBXBuildFile; fileRef = 16A933A92016561C00CF5734 /* Main.storyboard */; };
		16A933AD2016561C00CF5734 /* Assets.xcassets in Resources */ = {isa = PBXBuildFile; fileRef = 16A933AC2016561C00CF5734 /* Assets.xcassets */; };
		16A933B02016561C00CF5734 /* LaunchScreen.storyboard in Resources */ = {isa = PBXBuildFile; fileRef = 16A933AE2016561C00CF5734 /* LaunchScreen.storyboard */; };
		16A933BB2016561C00CF5734 /* SegQuotesTests.swift in Sources */ = {isa = PBXBuildFile; fileRef = 16A933BA2016561C00CF5734 /* SegQuotesTests.swift */; };
		16A933C62016561C00CF5734 /* SegQuotesUITests.swift in Sources */ = {isa = PBXBuildFile; fileRef = 16A933C52016561C00CF5734 /* SegQuotesUITests.swift */; };
/* End PBXBuildFile section */

/* Begin PBXContainerItemProxy section */
		16A933B72016561C00CF5734 /* PBXContainerItemProxy */ = {
			isa = PBXContainerItemProxy;
			containerPortal = 16A9339A2016561C00CF5734 /* Project object */;
			proxyType = 1;
			remoteGlobalIDString = 16A933A12016561C00CF5734;
			remoteInfo = SegQuotes;
		};
		16A933C22016561C00CF5734 /* PBXContainerItemProxy */ = {
			isa = PBXContainerItemProxy;
			containerPortal = 16A9339A2016561C00CF5734 /* Project object */;
			proxyType = 1;
			remoteGlobalIDString = 16A933A12016561C00CF5734;
			remoteInfo = SegQuotes;
		};
/* End PBXContainerItemProxy section */

/* Begin PBXFileReference section */
		16A933A22016561C00CF5734 /* SegQuotes.app */ = {isa = PBXFileReference; explicitFileType = wrapper.application; includeInIndex = 0; path = SegQuotes.app; sourceTree = BUILT_PRODUCTS_DIR; };
		16A933A52016561C00CF5734 /* AppDelegate.swift */ = {isa = PBXFileReference; lastKnownFileType = sourcecode.swift; path = AppDelegate.swift; sourceTree = "<group>"; };
		16A933A72016561C00CF5734 /* ViewController.swift */ = {isa = PBXFileReference; lastKnownFileType = sourcecode.swift; path = ViewController.swift; sourceTree = "<group>"; };
		16A933AA2016561C00CF5734 /* Base */ = {isa = PBXFileReference; lastKnownFileType = file.storyboard; name = Base; path = Base.lproj/Main.storyboard; sourceTree = "<group>"; };
		16A933AC2016561C00CF5734 /* Assets.xcassets */ = {isa = PBXFileReference; lastKnownFileType = folder.assetcatalog; path = Assets.xcassets; sourceTree = "<group>"; };
		16A933AF2016561C00CF5734 /* Base */ = {isa = PBXFileReference; lastKnownFileType = file.storyboard; name = Base; path = Base.lproj/LaunchScreen.storyboard; sourceTree = "<group>"; };
		16A933B12016561C00CF5734 /* Info.plist */ = {isa = PBXFileReference; lastKnownFileType = text.plist.xml; path = Info.plist; sourceTree = "<group>"; };
		16A933B62016561C00CF5734 /* SegQuotesTests.xctest */ = {isa = PBXFileReference; explicitFileType = wrapper.cfbundle; includeInIndex = 0; path = SegQuotesTests.xctest; sourceTree = BUILT_PRODUCTS_DIR; };
		16A933BA2016561C00CF5734 /* SegQuotesTests.swift */ = {isa = PBXFileReference; lastKnownFileType = sourcecode.swift; path = SegQuotesTests.swift; sourceTree = "<group>"; };
		16A933BC2016561C00CF5734 /* Info.plist */ = {isa = PBXFileReference; lastKnownFileType = text.plist.xml; path = Info.plist; sourceTree = "<group>"; };
		16A933C12016561C00CF5734 /* SegQuotesUITests.xctest */ = {isa = PBXFileReference; explicitFileType = wrapper.cfbundle; includeInIndex = 0; path = SegQuotesUITests.xctest; sourceTree = BUILT_PRODUCTS_DIR; };
		16A933C52016561C00CF5734 /* SegQuotesUITests.swift */ = {isa = PBXFileReference; lastKnownFileType = sourcecode.swift; path = SegQuotesUITests.swift; sourceTree = "<group>"; };
		16A933C72016561C00CF5734 /* Info.plist */ = {isa = PBXFileReference; lastKnownFileType = text.plist.xml; path = Info.plist; sourceTree = "<group>"; };
/* End PBXFileReference section */

/* Begin PBXFrameworksBuildPhase section */
		16A9339F2016561C00CF5734 /* Frameworks */ = {
			isa = PBXFrameworksBuildPhase;
			buildActionMask = 2147483647;
			files = (
			);
			runOnlyForDeploymentPostprocessing = 0;
		};
		16A933B32016561C00CF5734 /* Frameworks */ = {
			isa = PBXFrameworksBuildPhase;
			buildActionMask = 2147483647;
			files = (
			);
			runOnlyForDeploymentPostprocessing = 0;
		};
		16A933BE2016561C00CF5734 /* Frameworks */ = {
			isa = PBXFrameworksBuildPhase;
			buildActionMask = 2147483647;
			files = (
			);
			runOnlyForDeploymentPostprocessing = 0;
		};
/* End PBXFrameworksBuildPhase section */

/* Begin PBXGroup section */
		16A933992016561C00CF5734 = {
			isa = PBXGroup;
			children = (
				16A933A42016561C00CF5734 /* SegQuotes */,
				16A933B92016561C00CF5734 /* SegQuotesTests */,
				16A933C42016561C00CF5734 /* SegQuotesUITests */,
				16A933A32016561C00CF5734 /* Products */,
			);
			sourceTree = "<group>";
		};
		16A933A32016561C00CF5734 /* Products */ = {
			isa = PBXGroup;
			children = (
				16A933A22016561C00CF5734 /* SegQuotes.app */,
				16A933B62016561C00CF5734 /* SegQuotesTests.xctest */,
				16A933C12016561C00CF5734 /* SegQuotesUITests.xctest */,
			);
			name = Products;
			sourceTree = "<group>";
		};
		16A933A42016561C00CF5734 /* SegQuotes */ = {
			isa = PBXGroup;
			children = (
				16A933A52016561C00CF5734 /* AppDelegate.swift */,
				16A933A72016561C00CF5734 /* ViewController.swift */,
				16A933A92016561C00CF5734 /* Main.storyboard */,
				16A933AC2016561C00CF5734 /* Assets.xcassets */,
				16A933AE2016561C00CF5734 /* LaunchScreen.storyboard */,
				16A933B12016561C00CF5734 /* Info.plist */,
			);
			path = SegQuotes;
			sourceTree = "<group>";
		};
		16A933B92016561C00CF5734 /* SegQuotesTests */ = {
			isa = PBXGroup;
			children = (
				16A933BA2016561C00CF5734 /* SegQuotesTests.swift */,
				16A933BC2016561C00CF5734 /* Info.plist */,
			);
			path = SegQuotesTests;
			sourceTree = "<group>";
		};
		16A933C42016561C00CF5734 /* SegQuotesUITests */ = {
			isa = PBXGroup;
			children = (
				16A933C52016561C00CF5734 /* SegQuotesUITests.swift */,
				16A933C72016561C00CF5734 /* Info.plist */,
			);
			path = SegQuotesUITests;
			sourceTree = "<group>";
		};
/* End PBXGroup section */

/* Begin PBXNativeTarget section */
		16A933A12016561C00CF5734 /* SegQuotes */ = {
			isa = PBXNativeTarget;
			buildConfigurationList = 16A933CA2016561C00CF5734 /* Build configuration list for PBXNativeTarget "SegQuotes" */;
			buildPhases = (
				16A9339E2016561C00CF5734 /* Sources */,
				16A9339F2016561C00CF5734 /* Frameworks */,
				16A933A02016561C00CF5734 /* Resources */,
			);
			buildRules = (
			);
			dependencies = (
			);
			name = SegQuotes;
			productName = SegQuotes;
			productReference = 16A933A22016561C00CF5734 /* SegQuotes.app */;
			productType = "com.apple.product-type.application";
		};
		16A933B52016561C00CF5734 /* SegQuotesTests */ = {
			isa = PBXNativeTarget;
			buildConfigurationList = 16A933CD2016561C00CF5734 /* Build configuration list for PBXNativeTarget "SegQuotesTests" */;
			buildPhases = (
				16A933B22016561C00CF5734 /* Sources */,
				16A933B32016561C00CF5734 /* Frameworks */,
				16A933B42016561C00CF5734 /* Resources */,
			);
			buildRules = (
			);
			dependencies = (
				16A933B82016561C00CF5734 /* PBXTargetDependency */,
			);
			name = SegQuotesTests;
			productName = SegQuotesTests;
			productReference = 16A933B62016561C00CF5734 /* SegQuotesTests.xctest */;
			productType = "com.apple.product-type.bundle.unit-test";
		};
		16A933C02016561C00CF5734 /* SegQuotesUITests */ = {
			isa = PBXNativeTarget;
			buildConfigurationList = 16A933D02016561C00CF5734 /* Build configuration list for PBXNativeTarget "SegQuotesUITests" */;
			buildPhases = (
				16A933BD2016561C00CF5734 /* Sources */,
				16A933BE2016561C00CF5734 /* Frameworks */,
				16A933BF2016561C00CF5734 /* Resources */,
			);
			buildRules = (
			);
			dependencies = (
				16A933C32016561C00CF5734 /* PBXTargetDependency */,
			);
			name = SegQuotesUITests;
			productName = SegQuotesUITests;
			productReference = 16A933C12016561C00CF5734 /* SegQuotesUITests.xctest */;
			productType = "com.apple.product-type.bundle.ui-testing";
		};
/* End PBXNativeTarget section */

/* Begin PBXProject section */
		16A9339A2016561C00CF5734 /* Project object */ = {
			isa = PBXProject;
			attributes = {
				LastSwiftUpdateCheck = 0920;
				LastUpgradeCheck = 0920;
				ORGANIZATIONNAME = "Ma, Jeffrey '18";
				TargetAttributes = {
					16A933A12016561C00CF5734 = {
						CreatedOnToolsVersion = 9.2;
						ProvisioningStyle = Automatic;
					};
					16A933B52016561C00CF5734 = {
						CreatedOnToolsVersion = 9.2;
						ProvisioningStyle = Automatic;
						TestTargetID = 16A933A12016561C00CF5734;
					};
					16A933C02016561C00CF5734 = {
						CreatedOnToolsVersion = 9.2;
						ProvisioningStyle = Automatic;
						TestTargetID = 16A933A12016561C00CF5734;
					};
				};
			};
			buildConfigurationList = 16A9339D2016561C00CF5734 /* Build configuration list for PBXProject "SegQuotes" */;
			compatibilityVersion = "Xcode 8.0";
			developmentRegion = en;
			hasScannedForEncodings = 0;
			knownRegions = (
				en,
				Base,
			);
			mainGroup = 16A933992016561C00CF5734;
			productRefGroup = 16A933A32016561C00CF5734 /* Products */;
			projectDirPath = "";
			projectRoot = "";
			targets = (
				16A933A12016561C00CF5734 /* SegQuotes */,
				16A933B52016561C00CF5734 /* SegQuotesTests */,
				16A933C02016561C00CF5734 /* SegQuotesUITests */,
			);
		};
/* End PBXProject section */

/* Begin PBXResourcesBuildPhase section */
		16A933A02016561C00CF5734 /* Resources */ = {
			isa = PBXResourcesBuildPhase;
			buildActionMask = 2147483647;
			files = (
				16A933B02016561C00CF5734 /* LaunchScreen.storyboard in Resources */,
				16A933AD2016561C00CF5734 /* Assets.xcassets in Resources */,
				16A933AB2016561C00CF5734 /* Main.storyboard in Resources */,
			);
			runOnlyForDeploymentPostprocessing = 0;
		};
		16A933B42016561C00CF5734 /* Resources */ = {
			isa = PBXResourcesBuildPhase;
			buildActionMask = 2147483647;
			files = (
			);
			runOnlyForDeploymentPostprocessing = 0;
		};
		16A933BF2016561C00CF5734 /* Resources */ = {
			isa = PBXResourcesBuildPhase;
			buildActionMask = 2147483647;
			files = (
			);
			runOnlyForDeploymentPostprocessing = 0;
		};
/* End PBXResourcesBuildPhase section */

/* Begin PBXSourcesBuildPhase section */
		16A9339E2016561C00CF5734 /* Sources */ = {
			isa = PBXSourcesBuildPhase;
			buildActionMask = 2147483647;
			files = (
				16A933A82016561C00CF5734 /* ViewController.swift in Sources */,
				16A933A62016561C00CF5734 /* AppDelegate.swift in Sources */,
			);
			runOnlyForDeploymentPostprocessing = 0;
		};
		16A933B22016561C00CF5734 /* Sources */ = {
			isa = PBXSourcesBuildPhase;
			buildActionMask = 2147483647;
			files = (
				16A933BB2016561C00CF5734 /* SegQuotesTests.swift in Sources */,
			);
			runOnlyForDeploymentPostprocessing = 0;
		};
		16A933BD2016561C00CF5734 /* Sources */ = {
			isa = PBXSourcesBuildPhase;
			buildActionMask = 2147483647;
			files = (
				16A933C62016561C00CF5734 /* SegQuotesUITests.swift in Sources */,
			);
			runOnlyForDeploymentPostprocessing = 0;
		};
/* End PBXSourcesBuildPhase section */

/* Begin PBXTargetDependency section */
		16A933B82016561C00CF5734 /* PBXTargetDependency */ = {
			isa = PBXTargetDependency;
			target = 16A933A12016561C00CF5734 /* SegQuotes */;
			targetProxy = 16A933B72016561C00CF5734 /* PBXContainerItemProxy */;
		};
		16A933C32016561C00CF5734 /* PBXTargetDependency */ = {
			isa = PBXTargetDependency;
			target = 16A933A12016561C00CF5734 /* SegQuotes */;
			targetProxy = 16A933C22016561C00CF5734 /* PBXContainerItemProxy */;
		};
/* End PBXTargetDependency section */

/* Begin PBXVariantGroup section */
		16A933A92016561C00CF5734 /* Main.storyboard */ = {
			isa = PBXVariantGroup;
			children = (
				16A933AA2016561C00CF5734 /* Base */,
			);
			name = Main.storyboard;
			sourceTree = "<group>";
		};
		16A933AE2016561C00CF5734 /* LaunchScreen.storyboard */ = {
			isa = PBXVariantGroup;
			children = (
				16A933AF2016561C00CF5734 /* Base */,
			);
			name = LaunchScreen.storyboard;
			sourceTree = "<group>";
		};
/* End PBXVariantGroup section */

/* Begin XCBuildConfiguration section */
		16A933C82016561C00CF5734 /* Debug */ = {
			isa = XCBuildConfiguration;
			buildSettings = {
				ALWAYS_SEARCH_USER_PATHS = NO;
				CLANG_ANALYZER_NONNULL = YES;
				CLANG_ANALYZER_NUMBER_OBJECT_CONVERSION = YES_AGGRESSIVE;
				CLANG_CXX_LANGUAGE_STANDARD = "gnu++14";
				CLANG_CXX_LIBRARY = "libc++";
				CLANG_ENABLE_MODULES = YES;
				CLANG_ENABLE_OBJC_ARC = YES;
				CLANG_WARN_BLOCK_CAPTURE_AUTORELEASING = YES;
				CLANG_WARN_BOOL_CONVERSION = YES;
				CLANG_WARN_COMMA = YES;
				CLANG_WARN_CONSTANT_CONVERSION = YES;
				CLANG_WARN_DIRECT_OBJC_ISA_USAGE = YES_ERROR;
				CLANG_WARN_DOCUMENTATION_COMMENTS = YES;
				CLANG_WARN_EMPTY_BODY = YES;
				CLANG_WARN_ENUM_CONVERSION = YES;
				CLANG_WARN_INFINITE_RECURSION = YES;
				CLANG_WARN_INT_CONVERSION = YES;
				CLANG_WARN_NON_LITERAL_NULL_CONVERSION = YES;
				CLANG_WARN_OBJC_LITERAL_CONVERSION = YES;
				CLANG_WARN_OBJC_ROOT_CLASS = YES_ERROR;
				CLANG_WARN_RANGE_LOOP_ANALYSIS = YES;
				CLANG_WARN_STRICT_PROTOTYPES = YES;
				CLANG_WARN_SUSPICIOUS_MOVE = YES;
				CLANG_WARN_UNGUARDED_AVAILABILITY = YES_AGGRESSIVE;
				CLANG_WARN_UNREACHABLE_CODE = YES;
				CLANG_WARN__DUPLICATE_METHOD_MATCH = YES;
				CODE_SIGN_IDENTITY = "iPhone Developer";
				COPY_PHASE_STRIP = NO;
				DEBUG_INFORMATION_FORMAT = dwarf;
				ENABLE_STRICT_OBJC_MSGSEND = YES;
				ENABLE_TESTABILITY = YES;
				GCC_C_LANGUAGE_STANDARD = gnu11;
				GCC_DYNAMIC_NO_PIC = NO;
				GCC_NO_COMMON_BLOCKS = YES;
				GCC_OPTIMIZATION_LEVEL = 0;
				GCC_PREPROCESSOR_DEFINITIONS = (
					"DEBUG=1",
					"$(inherited)",
				);
				GCC_WARN_64_TO_32_BIT_CONVERSION = YES;
				GCC_WARN_ABOUT_RETURN_TYPE = YES_ERROR;
				GCC_WARN_UNDECLARED_SELECTOR = YES;
				GCC_WARN_UNINITIALIZED_AUTOS = YES_AGGRESSIVE;
				GCC_WARN_UNUSED_FUNCTION = YES;
				GCC_WARN_UNUSED_VARIABLE = YES;
				IPHONEOS_DEPLOYMENT_TARGET = 11.2;
				MTL_ENABLE_DEBUG_INFO = YES;
				ONLY_ACTIVE_ARCH = YES;
				SDKROOT = iphoneos;
				SWIFT_ACTIVE_COMPILATION_CONDITIONS = DEBUG;
				SWIFT_OPTIMIZATION_LEVEL = "-Onone";
			};
			name = Debug;
		};
		16A933C92016561C00CF5734 /* Release */ = {
			isa = XCBuildConfiguration;
			buildSettings = {
				ALWAYS_SEARCH_USER_PATHS = NO;
				CLANG_ANALYZER_NONNULL = YES;
				CLANG_ANALYZER_NUMBER_OBJECT_CONVERSION = YES_AGGRESSIVE;
				CLANG_CXX_LANGUAGE_STANDARD = "gnu++14";
				CLANG_CXX_LIBRARY = "libc++";
				CLANG_ENABLE_MODULES = YES;
				CLANG_ENABLE_OBJC_ARC = YES;
				CLANG_WARN_BLOCK_CAPTURE_AUTORELEASING = YES;
				CLANG_WARN_BOOL_CONVERSION = YES;
				CLANG_WARN_COMMA = YES;
				CLANG_WARN_CONSTANT_CONVERSION = YES;
				CLANG_WARN_DIRECT_OBJC_ISA_USAGE = YES_ERROR;
				CLANG_WARN_DOCUMENTATION_COMMENTS = YES;
				CLANG_WARN_EMPTY_BODY = YES;
				CLANG_WARN_ENUM_CONVERSION = YES;
				CLANG_WARN_INFINITE_RECURSION = YES;
				CLANG_WARN_INT_CONVERSION = YES;
				CLANG_WARN_NON_LITERAL_NULL_CONVERSION = YES;
				CLANG_WARN_OBJC_LITERAL_CONVERSION = YES;
				CLANG_WARN_OBJC_ROOT_CLASS = YES_ERROR;
				CLANG_WARN_RANGE_LOOP_ANALYSIS = YES;
				CLANG_WARN_STRICT_PROTOTYPES = YES;
				CLANG_WARN_SUSPICIOUS_MOVE = YES;
				CLANG_WARN_UNGUARDED_AVAILABILITY = YES_AGGRESSIVE;
				CLANG_WARN_UNREACHABLE_CODE = YES;
				CLANG_WARN__DUPLICATE_METHOD_MATCH = YES;
				CODE_SIGN_IDENTITY = "iPhone Developer";
				COPY_PHASE_STRIP = NO;
				DEBUG_INFORMATION_FORMAT = "dwarf-with-dsym";
				ENABLE_NS_ASSERTIONS = NO;
				ENABLE_STRICT_OBJC_MSGSEND = YES;
				GCC_C_LANGUAGE_STANDARD = gnu11;
				GCC_NO_COMMON_BLOCKS = YES;
				GCC_WARN_64_TO_32_BIT_CONVERSION = YES;
				GCC_WARN_ABOUT_RETURN_TYPE = YES_ERROR;
				GCC_WARN_UNDECLARED_SELECTOR = YES;
				GCC_WARN_UNINITIALIZED_AUTOS = YES_AGGRESSIVE;
				GCC_WARN_UNUSED_FUNCTION = YES;
				GCC_WARN_UNUSED_VARIABLE = YES;
				IPHONEOS_DEPLOYMENT_TARGET = 11.2;
				MTL_ENABLE_DEBUG_INFO = NO;
				SDKROOT = iphoneos;
				SWIFT_OPTIMIZATION_LEVEL = "-Owholemodule";
				VALIDATE_PRODUCT = YES;
			};
			name = Release;
		};
		16A933CB2016561C00CF5734 /* Debug */ = {
			isa = XCBuildConfiguration;
			buildSettings = {
				ASSETCATALOG_COMPILER_APPICON_NAME = AppIcon;
				CODE_SIGN_STYLE = Automatic;
				INFOPLIST_FILE = SegQuotes/Info.plist;
				LD_RUNPATH_SEARCH_PATHS = "$(inherited) @executable_path/Frameworks";
				PRODUCT_BUNDLE_IDENTIFIER = org.bcp.cs.jma.SegQuotes;
				PRODUCT_NAME = "$(TARGET_NAME)";
				SWIFT_VERSION = 4.0;
				TARGETED_DEVICE_FAMILY = "1,2";
			};
			name = Debug;
		};
		16A933CC2016561C00CF5734 /* Release */ = {
			isa = XCBuildConfiguration;
			buildSettings = {
				ASSETCATALOG_COMPILER_APPICON_NAME = AppIcon;
				CODE_SIGN_STYLE = Automatic;
				INFOPLIST_FILE = SegQuotes/Info.plist;
				LD_RUNPATH_SEARCH_PATHS = "$(inherited) @executable_path/Frameworks";
				PRODUCT_BUNDLE_IDENTIFIER = org.bcp.cs.jma.SegQuotes;
				PRODUCT_NAME = "$(TARGET_NAME)";
				SWIFT_VERSION = 4.0;
				TARGETED_DEVICE_FAMILY = "1,2";
			};
			name = Release;
		};
		16A933CE2016561C00CF5734 /* Debug */ = {
			isa = XCBuildConfiguration;
			buildSettings = {
				ALWAYS_EMBED_SWIFT_STANDARD_LIBRARIES = YES;
				BUNDLE_LOADER = "$(TEST_HOST)";
				CODE_SIGN_STYLE = Automatic;
				INFOPLIST_FILE = SegQuotesTests/Info.plist;
				LD_RUNPATH_SEARCH_PATHS = "$(inherited) @executable_path/Frameworks @loader_path/Frameworks";
				PRODUCT_BUNDLE_IDENTIFIER = org.bcp.cs.jma.SegQuotesTests;
				PRODUCT_NAME = "$(TARGET_NAME)";
				SWIFT_VERSION = 4.0;
				TARGETED_DEVICE_FAMILY = "1,2";
				TEST_HOST = "$(BUILT_PRODUCTS_DIR)/SegQuotes.app/SegQuotes";
			};
			name = Debug;
		};
		16A933CF2016561C00CF5734 /* Release */ = {
			isa = XCBuildConfiguration;
			buildSettings = {
				ALWAYS_EMBED_SWIFT_STANDARD_LIBRARIES = YES;
				BUNDLE_LOADER = "$(TEST_HOST)";
				CODE_SIGN_STYLE = Automatic;
				INFOPLIST_FILE = SegQuotesTests/Info.plist;
				LD_RUNPATH_SEARCH_PATHS = "$(inherited) @executable_path/Frameworks @loader_path/Frameworks";
				PRODUCT_BUNDLE_IDENTIFIER = org.bcp.cs.jma.SegQuotesTests;
				PRODUCT_NAME = "$(TARGET_NAME)";
				SWIFT_VERSION = 4.0;
				TARGETED_DEVICE_FAMILY = "1,2";
				TEST_HOST = "$(BUILT_PRODUCTS_DIR)/SegQuotes.app/SegQuotes";
			};
			name = Release;
		};
		16A933D12016561C00CF5734 /* Debug */ = {
			isa = XCBuildConfiguration;
			buildSettings = {
				ALWAYS_EMBED_SWIFT_STANDARD_LIBRARIES = YES;
				CODE_SIGN_STYLE = Automatic;
				INFOPLIST_FILE = SegQuotesUITests/Info.plist;
				LD_RUNPATH_SEARCH_PATHS = "$(inherited) @executable_path/Frameworks @loader_path/Frameworks";
				PRODUCT_BUNDLE_IDENTIFIER = org.bcp.cs.jma.SegQuotesUITests;
				PRODUCT_NAME = "$(TARGET_NAME)";
				SWIFT_VERSION = 4.0;
				TARGETED_DEVICE_FAMILY = "1,2";
				TEST_TARGET_NAME = SegQuotes;
			};
			name = Debug;
		};
		16A933D22016561C00CF5734 /* Release */ = {
			isa = XCBuildConfiguration;
			buildSettings = {
				ALWAYS_EMBED_SWIFT_STANDARD_LIBRARIES = YES;
				CODE_SIGN_STYLE = Automatic;
				INFOPLIST_FILE = SegQuotesUITests/Info.plist;
				LD_RUNPATH_SEARCH_PATHS = "$(inherited) @executable_path/Frameworks @loader_path/Frameworks";
				PRODUCT_BUNDLE_IDENTIFIER = org.bcp.cs.jma.SegQuotesUITests;
				PRODUCT_NAME = "$(TARGET_NAME)";
				SWIFT_VERSION = 4.0;
				TARGETED_DEVICE_FAMILY = "1,2";
				TEST_TARGET_NAME = SegQuotes;
			};
			name = Release;
		};
/* End XCBuildConfiguration section */

/* Begin XCConfigurationList section */
		16A9339D2016561C00CF5734 /* Build configuration list for PBXProject "SegQuotes" */ = {
			isa = XCConfigurationList;
			buildConfigurations = (
				16A933C82016561C00CF5734 /* Debug */,
				16A933C92016561C00CF5734 /* Release */,
			);
			defaultConfigurationIsVisible = 0;
			defaultConfigurationName = Release;
		};
		16A933CA2016561C00CF5734 /* Build configuration list for PBXNativeTarget "SegQuotes" */ = {
			isa = XCConfigurationList;
			buildConfigurations = (
				16A933CB2016561C00CF5734 /* Debug */,
				16A933CC2016561C00CF5734 /* Release */,
			);
			defaultConfigurationIsVisible = 0;
			defaultConfigurationName = Release;
		};
		16A933CD2016561C00CF5734 /* Build configuration list for PBXNativeTarget "SegQuotesTests" */ = {
			isa = XCConfigurationList;
			buildConfigurations = (
				16A933CE2016561C00CF5734 /* Debug */,
				16A933CF2016561C00CF5734 /* Release */,
			);
			defaultConfigurationIsVisible = 0;
			defaultConfigurationName = Release;
		};
		16A933D02016561C00CF5734 /* Build configuration list for PBXNativeTarget "SegQuotesUITests" */ = {
			isa = XCConfigurationList;
			buildConfigurations = (
				16A933D12016561C00CF5734 /* Debug */,
				16A933D22016561C00CF5734 /* Release */,
			);
			defaultConfigurationIsVisible = 0;
			defaultConfigurationName = Release;
		};
/* End XCConfigurationList section */
	};
	rootObject = 16A9339A2016561C00CF5734 /* Project object */;
}
