// !$*UTF8*$!
{
	archiveVersion = 1;
	classes = {
	};
	objectVersion = 48;
	objects = {

/* Begin PBXBuildFile section */
		162FC5F420336A6900658BDA /* AppDelegate.swift in Sources */ = {isa = PBXBuildFile; fileRef = 162FC5F320336A6900658BDA /* AppDelegate.swift */; };
		162FC5F620336A6900658BDA /* ViewController.swift in Sources */ = {isa = PBXBuildFile; fileRef = 162FC5F520336A6900658BDA /* ViewController.swift */; };
		162FC5F920336A6900658BDA /* Main.storyboard in Resources */ = {isa = PBXBuildFile; fileRef = 162FC5F720336A6900658BDA /* Main.storyboard */; };
		162FC5FC20336A6900658BDA /* ToDoList.xcdatamodeld in Sources */ = {isa = PBXBuildFile; fileRef = 162FC5FA20336A6900658BDA /* ToDoList.xcdatamodeld */; };
		162FC5FE20336A6900658BDA /* Assets.xcassets in Resources */ = {isa = PBXBuildFile; fileRef = 162FC5FD20336A6900658BDA /* Assets.xcassets */; };
		162FC60120336A6900658BDA /* LaunchScreen.storyboard in Resources */ = {isa = PBXBuildFile; fileRef = 162FC5FF20336A6900658BDA /* LaunchScreen.storyboard */; };
		162FC60C20336A6900658BDA /* ToDoListTests.swift in Sources */ = {isa = PBXBuildFile; fileRef = 162FC60B20336A6900658BDA /* ToDoListTests.swift */; };
		162FC61720336A6900658BDA /* ToDoListUITests.swift in Sources */ = {isa = PBXBuildFile; fileRef = 162FC61620336A6900658BDA /* ToDoListUITests.swift */; };
		162FC62520336AB500658BDA /* AddTaskViewController.swift in Sources */ = {isa = PBXBuildFile; fileRef = 162FC62420336AB500658BDA /* AddTaskViewController.swift */; };
/* End PBXBuildFile section */

/* Begin PBXContainerItemProxy section */
		162FC60820336A6900658BDA /* PBXContainerItemProxy */ = {
			isa = PBXContainerItemProxy;
			containerPortal = 162FC5E820336A6900658BDA /* Project object */;
			proxyType = 1;
			remoteGlobalIDString = 162FC5EF20336A6900658BDA;
			remoteInfo = ToDoList;
		};
		162FC61320336A6900658BDA /* PBXContainerItemProxy */ = {
			isa = PBXContainerItemProxy;
			containerPortal = 162FC5E820336A6900658BDA /* Project object */;
			proxyType = 1;
			remoteGlobalIDString = 162FC5EF20336A6900658BDA;
			remoteInfo = ToDoList;
		};
/* End PBXContainerItemProxy section */

/* Begin PBXFileReference section */
		162FC5F020336A6900658BDA /* ToDoList.app */ = {isa = PBXFileReference; explicitFileType = wrapper.application; includeInIndex = 0; path = ToDoList.app; sourceTree = BUILT_PRODUCTS_DIR; };
		162FC5F320336A6900658BDA /* AppDelegate.swift */ = {isa = PBXFileReference; lastKnownFileType = sourcecode.swift; path = AppDelegate.swift; sourceTree = "<group>"; };
		162FC5F520336A6900658BDA /* ViewController.swift */ = {isa = PBXFileReference; lastKnownFileType = sourcecode.swift; path = ViewController.swift; sourceTree = "<group>"; };
		162FC5F820336A6900658BDA /* Base */ = {isa = PBXFileReference; lastKnownFileType = file.storyboard; name = Base; path = Base.lproj/Main.storyboard; sourceTree = "<group>"; };
		162FC5FB20336A6900658BDA /* ToDoList.xcdatamodel */ = {isa = PBXFileReference; lastKnownFileType = wrapper.xcdatamodel; path = ToDoList.xcdatamodel; sourceTree = "<group>"; };
		162FC5FD20336A6900658BDA /* Assets.xcassets */ = {isa = PBXFileReference; lastKnownFileType = folder.assetcatalog; path = Assets.xcassets; sourceTree = "<group>"; };
		162FC60020336A6900658BDA /* Base */ = {isa = PBXFileReference; lastKnownFileType = file.storyboard; name = Base; path = Base.lproj/LaunchScreen.storyboard; sourceTree = "<group>"; };
		162FC60220336A6900658BDA /* Info.plist */ = {isa = PBXFileReference; lastKnownFileType = text.plist.xml; path = Info.plist; sourceTree = "<group>"; };
		162FC60720336A6900658BDA /* ToDoListTests.xctest */ = {isa = PBXFileReference; explicitFileType = wrapper.cfbundle; includeInIndex = 0; path = ToDoListTests.xctest; sourceTree = BUILT_PRODUCTS_DIR; };
		162FC60B20336A6900658BDA /* ToDoListTests.swift */ = {isa = PBXFileReference; lastKnownFileType = sourcecode.swift; path = ToDoListTests.swift; sourceTree = "<group>"; };
		162FC60D20336A6900658BDA /* Info.plist */ = {isa = PBXFileReference; lastKnownFileType = text.plist.xml; path = Info.plist; sourceTree = "<group>"; };
		162FC61220336A6900658BDA /* ToDoListUITests.xctest */ = {isa = PBXFileReference; explicitFileType = wrapper.cfbundle; includeInIndex = 0; path = ToDoListUITests.xctest; sourceTree = BUILT_PRODUCTS_DIR; };
		162FC61620336A6900658BDA /* ToDoListUITests.swift */ = {isa = PBXFileReference; lastKnownFileType = sourcecode.swift; path = ToDoListUITests.swift; sourceTree = "<group>"; };
		162FC61820336A6900658BDA /* Info.plist */ = {isa = PBXFileReference; lastKnownFileType = text.plist.xml; path = Info.plist; sourceTree = "<group>"; };
		162FC62420336AB500658BDA /* AddTaskViewController.swift */ = {isa = PBXFileReference; lastKnownFileType = sourcecode.swift; path = AddTaskViewController.swift; sourceTree = "<group>"; };
/* End PBXFileReference section */

/* Begin PBXFrameworksBuildPhase section */
		162FC5ED20336A6900658BDA /* Frameworks */ = {
			isa = PBXFrameworksBuildPhase;
			buildActionMask = 2147483647;
			files = (
			);
			runOnlyForDeploymentPostprocessing = 0;
		};
		162FC60420336A6900658BDA /* Frameworks */ = {
			isa = PBXFrameworksBuildPhase;
			buildActionMask = 2147483647;
			files = (
			);
			runOnlyForDeploymentPostprocessing = 0;
		};
		162FC60F20336A6900658BDA /* Frameworks */ = {
			isa = PBXFrameworksBuildPhase;
			buildActionMask = 2147483647;
			files = (
			);
			runOnlyForDeploymentPostprocessing = 0;
		};
/* End PBXFrameworksBuildPhase section */

/* Begin PBXGroup section */
		162FC5E720336A6900658BDA = {
			isa = PBXGroup;
			children = (
				162FC5F220336A6900658BDA /* ToDoList */,
				162FC60A20336A6900658BDA /* ToDoListTests */,
				162FC61520336A6900658BDA /* ToDoListUITests */,
				162FC5F120336A6900658BDA /* Products */,
			);
			sourceTree = "<group>";
		};
		162FC5F120336A6900658BDA /* Products */ = {
			isa = PBXGroup;
			children = (
				162FC5F020336A6900658BDA /* ToDoList.app */,
				162FC60720336A6900658BDA /* ToDoListTests.xctest */,
				162FC61220336A6900658BDA /* ToDoListUITests.xctest */,
			);
			name = Products;
			sourceTree = "<group>";
		};
		162FC5F220336A6900658BDA /* ToDoList */ = {
			isa = PBXGroup;
			children = (
				162FC5F320336A6900658BDA /* AppDelegate.swift */,
				162FC5F520336A6900658BDA /* ViewController.swift */,
				162FC5F720336A6900658BDA /* Main.storyboard */,
				162FC62420336AB500658BDA /* AddTaskViewController.swift */,
				162FC5FD20336A6900658BDA /* Assets.xcassets */,
				162FC5FF20336A6900658BDA /* LaunchScreen.storyboard */,
				162FC60220336A6900658BDA /* Info.plist */,
				162FC5FA20336A6900658BDA /* ToDoList.xcdatamodeld */,
			);
			path = ToDoList;
			sourceTree = "<group>";
		};
		162FC60A20336A6900658BDA /* ToDoListTests */ = {
			isa = PBXGroup;
			children = (
				162FC60B20336A6900658BDA /* ToDoListTests.swift */,
				162FC60D20336A6900658BDA /* Info.plist */,
			);
			path = ToDoListTests;
			sourceTree = "<group>";
		};
		162FC61520336A6900658BDA /* ToDoListUITests */ = {
			isa = PBXGroup;
			children = (
				162FC61620336A6900658BDA /* ToDoListUITests.swift */,
				162FC61820336A6900658BDA /* Info.plist */,
			);
			path = ToDoListUITests;
			sourceTree = "<group>";
		};
/* End PBXGroup section */

/* Begin PBXNativeTarget section */
		162FC5EF20336A6900658BDA /* ToDoList */ = {
			isa = PBXNativeTarget;
			buildConfigurationList = 162FC61B20336A6900658BDA /* Build configuration list for PBXNativeTarget "ToDoList" */;
			buildPhases = (
				162FC5EC20336A6900658BDA /* Sources */,
				162FC5ED20336A6900658BDA /* Frameworks */,
				162FC5EE20336A6900658BDA /* Resources */,
			);
			buildRules = (
			);
			dependencies = (
			);
			name = ToDoList;
			productName = ToDoList;
			productReference = 162FC5F020336A6900658BDA /* ToDoList.app */;
			productType = "com.apple.product-type.application";
		};
		162FC60620336A6900658BDA /* ToDoListTests */ = {
			isa = PBXNativeTarget;
			buildConfigurationList = 162FC61E20336A6900658BDA /* Build configuration list for PBXNativeTarget "ToDoListTests" */;
			buildPhases = (
				162FC60320336A6900658BDA /* Sources */,
				162FC60420336A6900658BDA /* Frameworks */,
				162FC60520336A6900658BDA /* Resources */,
			);
			buildRules = (
			);
			dependencies = (
				162FC60920336A6900658BDA /* PBXTargetDependency */,
			);
			name = ToDoListTests;
			productName = ToDoListTests;
			productReference = 162FC60720336A6900658BDA /* ToDoListTests.xctest */;
			productType = "com.apple.product-type.bundle.unit-test";
		};
		162FC61120336A6900658BDA /* ToDoListUITests */ = {
			isa = PBXNativeTarget;
			buildConfigurationList = 162FC62120336A6900658BDA /* Build configuration list for PBXNativeTarget "ToDoListUITests" */;
			buildPhases = (
				162FC60E20336A6900658BDA /* Sources */,
				162FC60F20336A6900658BDA /* Frameworks */,
				162FC61020336A6900658BDA /* Resources */,
			);
			buildRules = (
			);
			dependencies = (
				162FC61420336A6900658BDA /* PBXTargetDependency */,
			);
			name = ToDoListUITests;
			productName = ToDoListUITests;
			productReference = 162FC61220336A6900658BDA /* ToDoListUITests.xctest */;
			productType = "com.apple.product-type.bundle.ui-testing";
		};
/* End PBXNativeTarget section */

/* Begin PBXProject section */
		162FC5E820336A6900658BDA /* Project object */ = {
			isa = PBXProject;
			attributes = {
				LastSwiftUpdateCheck = 0920;
				LastUpgradeCheck = 0920;
				ORGANIZATIONNAME = "Ma, Jeffrey '18";
				TargetAttributes = {
					162FC5EF20336A6900658BDA = {
						CreatedOnToolsVersion = 9.2;
						ProvisioningStyle = Automatic;
					};
					162FC60620336A6900658BDA = {
						CreatedOnToolsVersion = 9.2;
						ProvisioningStyle = Automatic;
						TestTargetID = 162FC5EF20336A6900658BDA;
					};
					162FC61120336A6900658BDA = {
						CreatedOnToolsVersion = 9.2;
						ProvisioningStyle = Automatic;
						TestTargetID = 162FC5EF20336A6900658BDA;
					};
				};
			};
			buildConfigurationList = 162FC5EB20336A6900658BDA /* Build configuration list for PBXProject "ToDoList" */;
			compatibilityVersion = "Xcode 8.0";
			developmentRegion = en;
			hasScannedForEncodings = 0;
			knownRegions = (
				en,
				Base,
			);
			mainGroup = 162FC5E720336A6900658BDA;
			productRefGroup = 162FC5F120336A6900658BDA /* Products */;
			projectDirPath = "";
			projectRoot = "";
			targets = (
				162FC5EF20336A6900658BDA /* ToDoList */,
				162FC60620336A6900658BDA /* ToDoListTests */,
				162FC61120336A6900658BDA /* ToDoListUITests */,
			);
		};
/* End PBXProject section */

/* Begin PBXResourcesBuildPhase section */
		162FC5EE20336A6900658BDA /* Resources */ = {
			isa = PBXResourcesBuildPhase;
			buildActionMask = 2147483647;
			files = (
				162FC60120336A6900658BDA /* LaunchScreen.storyboard in Resources */,
				162FC5FE20336A6900658BDA /* Assets.xcassets in Resources */,
				162FC5F920336A6900658BDA /* Main.storyboard in Resources */,
			);
			runOnlyForDeploymentPostprocessing = 0;
		};
		162FC60520336A6900658BDA /* Resources */ = {
			isa = PBXResourcesBuildPhase;
			buildActionMask = 2147483647;
			files = (
			);
			runOnlyForDeploymentPostprocessing = 0;
		};
		162FC61020336A6900658BDA /* Resources */ = {
			isa = PBXResourcesBuildPhase;
			buildActionMask = 2147483647;
			files = (
			);
			runOnlyForDeploymentPostprocessing = 0;
		};
/* End PBXResourcesBuildPhase section */

/* Begin PBXSourcesBuildPhase section */
		162FC5EC20336A6900658BDA /* Sources */ = {
			isa = PBXSourcesBuildPhase;
			buildActionMask = 2147483647;
			files = (
				162FC5F620336A6900658BDA /* ViewController.swift in Sources */,
				162FC62520336AB500658BDA /* AddTaskViewController.swift in Sources */,
				162FC5FC20336A6900658BDA /* ToDoList.xcdatamodeld in Sources */,
				162FC5F420336A6900658BDA /* AppDelegate.swift in Sources */,
			);
			runOnlyForDeploymentPostprocessing = 0;
		};
		162FC60320336A6900658BDA /* Sources */ = {
			isa = PBXSourcesBuildPhase;
			buildActionMask = 2147483647;
			files = (
				162FC60C20336A6900658BDA /* ToDoListTests.swift in Sources */,
			);
			runOnlyForDeploymentPostprocessing = 0;
		};
		162FC60E20336A6900658BDA /* Sources */ = {
			isa = PBXSourcesBuildPhase;
			buildActionMask = 2147483647;
			files = (
				162FC61720336A6900658BDA /* ToDoListUITests.swift in Sources */,
			);
			runOnlyForDeploymentPostprocessing = 0;
		};
/* End PBXSourcesBuildPhase section */

/* Begin PBXTargetDependency section */
		162FC60920336A6900658BDA /* PBXTargetDependency */ = {
			isa = PBXTargetDependency;
			target = 162FC5EF20336A6900658BDA /* ToDoList */;
			targetProxy = 162FC60820336A6900658BDA /* PBXContainerItemProxy */;
		};
		162FC61420336A6900658BDA /* PBXTargetDependency */ = {
			isa = PBXTargetDependency;
			target = 162FC5EF20336A6900658BDA /* ToDoList */;
			targetProxy = 162FC61320336A6900658BDA /* PBXContainerItemProxy */;
		};
/* End PBXTargetDependency section */

/* Begin PBXVariantGroup section */
		162FC5F720336A6900658BDA /* Main.storyboard */ = {
			isa = PBXVariantGroup;
			children = (
				162FC5F820336A6900658BDA /* Base */,
			);
			name = Main.storyboard;
			sourceTree = "<group>";
		};
		162FC5FF20336A6900658BDA /* LaunchScreen.storyboard */ = {
			isa = PBXVariantGroup;
			children = (
				162FC60020336A6900658BDA /* Base */,
			);
			name = LaunchScreen.storyboard;
			sourceTree = "<group>";
		};
/* End PBXVariantGroup section */

/* Begin XCBuildConfiguration section */
		162FC61920336A6900658BDA /* Debug */ = {
			isa = XCBuildConfiguration;
			buildSettings = {
				ALWAYS_SEARCH_USER_PATHS = NO;
				CLANG_ANALYZER_NONNULL = YES;
				CLANG_ANALYZER_NUMBER_OBJECT_CONVERSION = YES_AGGRESSIVE;
				CLANG_CXX_LANGUAGE_STANDARD = "gnu++14";
				CLANG_CXX_LIBRARY = "libc++";
				CLANG_ENABLE_MODULES = YES;
				CLANG_ENABLE_OBJC_ARC = YES;
				CLANG_WARN_BLOCK_CAPTURE_AUTORELEASING = YES;
				CLANG_WARN_BOOL_CONVERSION = YES;
				CLANG_WARN_COMMA = YES;
				CLANG_WARN_CONSTANT_CONVERSION = YES;
				CLANG_WARN_DIRECT_OBJC_ISA_USAGE = YES_ERROR;
				CLANG_WARN_DOCUMENTATION_COMMENTS = YES;
				CLANG_WARN_EMPTY_BODY = YES;
				CLANG_WARN_ENUM_CONVERSION = YES;
				CLANG_WARN_INFINITE_RECURSION = YES;
				CLANG_WARN_INT_CONVERSION = YES;
				CLANG_WARN_NON_LITERAL_NULL_CONVERSION = YES;
				CLANG_WARN_OBJC_LITERAL_CONVERSION = YES;
				CLANG_WARN_OBJC_ROOT_CLASS = YES_ERROR;
				CLANG_WARN_RANGE_LOOP_ANALYSIS = YES;
				CLANG_WARN_STRICT_PROTOTYPES = YES;
				CLANG_WARN_SUSPICIOUS_MOVE = YES;
				CLANG_WARN_UNGUARDED_AVAILABILITY = YES_AGGRESSIVE;
				CLANG_WARN_UNREACHABLE_CODE = YES;
				CLANG_WARN__DUPLICATE_METHOD_MATCH = YES;
				CODE_SIGN_IDENTITY = "iPhone Developer";
				COPY_PHASE_STRIP = NO;
				DEBUG_INFORMATION_FORMAT = dwarf;
				ENABLE_STRICT_OBJC_MSGSEND = YES;
				ENABLE_TESTABILITY = YES;
				GCC_C_LANGUAGE_STANDARD = gnu11;
				GCC_DYNAMIC_NO_PIC = NO;
				GCC_NO_COMMON_BLOCKS = YES;
				GCC_OPTIMIZATION_LEVEL = 0;
				GCC_PREPROCESSOR_DEFINITIONS = (
					"DEBUG=1",
					"$(inherited)",
				);
				GCC_WARN_64_TO_32_BIT_CONVERSION = YES;
				GCC_WARN_ABOUT_RETURN_TYPE = YES_ERROR;
				GCC_WARN_UNDECLARED_SELECTOR = YES;
				GCC_WARN_UNINITIALIZED_AUTOS = YES_AGGRESSIVE;
				GCC_WARN_UNUSED_FUNCTION = YES;
				GCC_WARN_UNUSED_VARIABLE = YES;
				IPHONEOS_DEPLOYMENT_TARGET = 11.2;
				MTL_ENABLE_DEBUG_INFO = YES;
				ONLY_ACTIVE_ARCH = YES;
				SDKROOT = iphoneos;
				SWIFT_ACTIVE_COMPILATION_CONDITIONS = DEBUG;
				SWIFT_OPTIMIZATION_LEVEL = "-Onone";
			};
			name = Debug;
		};
		162FC61A20336A6900658BDA /* Release */ = {
			isa = XCBuildConfiguration;
			buildSettings = {
				ALWAYS_SEARCH_USER_PATHS = NO;
				CLANG_ANALYZER_NONNULL = YES;
				CLANG_ANALYZER_NUMBER_OBJECT_CONVERSION = YES_AGGRESSIVE;
				CLANG_CXX_LANGUAGE_STANDARD = "gnu++14";
				CLANG_CXX_LIBRARY = "libc++";
				CLANG_ENABLE_MODULES = YES;
				CLANG_ENABLE_OBJC_ARC = YES;
				CLANG_WARN_BLOCK_CAPTURE_AUTORELEASING = YES;
				CLANG_WARN_BOOL_CONVERSION = YES;
				CLANG_WARN_COMMA = YES;
				CLANG_WARN_CONSTANT_CONVERSION = YES;
				CLANG_WARN_DIRECT_OBJC_ISA_USAGE = YES_ERROR;
				CLANG_WARN_DOCUMENTATION_COMMENTS = YES;
				CLANG_WARN_EMPTY_BODY = YES;
				CLANG_WARN_ENUM_CONVERSION = YES;
				CLANG_WARN_INFINITE_RECURSION = YES;
				CLANG_WARN_INT_CONVERSION = YES;
				CLANG_WARN_NON_LITERAL_NULL_CONVERSION = YES;
				CLANG_WARN_OBJC_LITERAL_CONVERSION = YES;
				CLANG_WARN_OBJC_ROOT_CLASS = YES_ERROR;
				CLANG_WARN_RANGE_LOOP_ANALYSIS = YES;
				CLANG_WARN_STRICT_PROTOTYPES = YES;
				CLANG_WARN_SUSPICIOUS_MOVE = YES;
				CLANG_WARN_UNGUARDED_AVAILABILITY = YES_AGGRESSIVE;
				CLANG_WARN_UNREACHABLE_CODE = YES;
				CLANG_WARN__DUPLICATE_METHOD_MATCH = YES;
				CODE_SIGN_IDENTITY = "iPhone Developer";
				COPY_PHASE_STRIP = NO;
				DEBUG_INFORMATION_FORMAT = "dwarf-with-dsym";
				ENABLE_NS_ASSERTIONS = NO;
				ENABLE_STRICT_OBJC_MSGSEND = YES;
				GCC_C_LANGUAGE_STANDARD = gnu11;
				GCC_NO_COMMON_BLOCKS = YES;
				GCC_WARN_64_TO_32_BIT_CONVERSION = YES;
				GCC_WARN_ABOUT_RETURN_TYPE = YES_ERROR;
				GCC_WARN_UNDECLARED_SELECTOR = YES;
				GCC_WARN_UNINITIALIZED_AUTOS = YES_AGGRESSIVE;
				GCC_WARN_UNUSED_FUNCTION = YES;
				GCC_WARN_UNUSED_VARIABLE = YES;
				IPHONEOS_DEPLOYMENT_TARGET = 11.2;
				MTL_ENABLE_DEBUG_INFO = NO;
				SDKROOT = iphoneos;
				SWIFT_OPTIMIZATION_LEVEL = "-Owholemodule";
				VALIDATE_PRODUCT = YES;
			};
			name = Release;
		};
		162FC61C20336A6900658BDA /* Debug */ = {
			isa = XCBuildConfiguration;
			buildSettings = {
				ASSETCATALOG_COMPILER_APPICON_NAME = AppIcon;
				CODE_SIGN_STYLE = Automatic;
				INFOPLIST_FILE = ToDoList/Info.plist;
				LD_RUNPATH_SEARCH_PATHS = "$(inherited) @executable_path/Frameworks";
				PRODUCT_BUNDLE_IDENTIFIER = org.bcp.cs.jma.ToDoList;
				PRODUCT_NAME = "$(TARGET_NAME)";
				SWIFT_VERSION = 4.0;
				TARGETED_DEVICE_FAMILY = "1,2";
			};
			name = Debug;
		};
		162FC61D20336A6900658BDA /* Release */ = {
			isa = XCBuildConfiguration;
			buildSettings = {
				ASSETCATALOG_COMPILER_APPICON_NAME = AppIcon;
				CODE_SIGN_STYLE = Automatic;
				INFOPLIST_FILE = ToDoList/Info.plist;
				LD_RUNPATH_SEARCH_PATHS = "$(inherited) @executable_path/Frameworks";
				PRODUCT_BUNDLE_IDENTIFIER = org.bcp.cs.jma.ToDoList;
				PRODUCT_NAME = "$(TARGET_NAME)";
				SWIFT_VERSION = 4.0;
				TARGETED_DEVICE_FAMILY = "1,2";
			};
			name = Release;
		};
		162FC61F20336A6900658BDA /* Debug */ = {
			isa = XCBuildConfiguration;
			buildSettings = {
				ALWAYS_EMBED_SWIFT_STANDARD_LIBRARIES = YES;
				BUNDLE_LOADER = "$(TEST_HOST)";
				CODE_SIGN_STYLE = Automatic;
				INFOPLIST_FILE = ToDoListTests/Info.plist;
				LD_RUNPATH_SEARCH_PATHS = "$(inherited) @executable_path/Frameworks @loader_path/Frameworks";
				PRODUCT_BUNDLE_IDENTIFIER = org.bcp.cs.jma.ToDoListTests;
				PRODUCT_NAME = "$(TARGET_NAME)";
				SWIFT_VERSION = 4.0;
				TARGETED_DEVICE_FAMILY = "1,2";
				TEST_HOST = "$(BUILT_PRODUCTS_DIR)/ToDoList.app/ToDoList";
			};
			name = Debug;
		};
		162FC62020336A6900658BDA /* Release */ = {
			isa = XCBuildConfiguration;
			buildSettings = {
				ALWAYS_EMBED_SWIFT_STANDARD_LIBRARIES = YES;
				BUNDLE_LOADER = "$(TEST_HOST)";
				CODE_SIGN_STYLE = Automatic;
				INFOPLIST_FILE = ToDoListTests/Info.plist;
				LD_RUNPATH_SEARCH_PATHS = "$(inherited) @executable_path/Frameworks @loader_path/Frameworks";
				PRODUCT_BUNDLE_IDENTIFIER = org.bcp.cs.jma.ToDoListTests;
				PRODUCT_NAME = "$(TARGET_NAME)";
				SWIFT_VERSION = 4.0;
				TARGETED_DEVICE_FAMILY = "1,2";
				TEST_HOST = "$(BUILT_PRODUCTS_DIR)/ToDoList.app/ToDoList";
			};
			name = Release;
		};
		162FC62220336A6900658BDA /* Debug */ = {
			isa = XCBuildConfiguration;
			buildSettings = {
				ALWAYS_EMBED_SWIFT_STANDARD_LIBRARIES = YES;
				CODE_SIGN_STYLE = Automatic;
				INFOPLIST_FILE = ToDoListUITests/Info.plist;
				LD_RUNPATH_SEARCH_PATHS = "$(inherited) @executable_path/Frameworks @loader_path/Frameworks";
				PRODUCT_BUNDLE_IDENTIFIER = org.bcp.cs.jma.ToDoListUITests;
				PRODUCT_NAME = "$(TARGET_NAME)";
				SWIFT_VERSION = 4.0;
				TARGETED_DEVICE_FAMILY = "1,2";
				TEST_TARGET_NAME = ToDoList;
			};
			name = Debug;
		};
		162FC62320336A6900658BDA /* Release */ = {
			isa = XCBuildConfiguration;
			buildSettings = {
				ALWAYS_EMBED_SWIFT_STANDARD_LIBRARIES = YES;
				CODE_SIGN_STYLE = Automatic;
				INFOPLIST_FILE = ToDoListUITests/Info.plist;
				LD_RUNPATH_SEARCH_PATHS = "$(inherited) @executable_path/Frameworks @loader_path/Frameworks";
				PRODUCT_BUNDLE_IDENTIFIER = org.bcp.cs.jma.ToDoListUITests;
				PRODUCT_NAME = "$(TARGET_NAME)";
				SWIFT_VERSION = 4.0;
				TARGETED_DEVICE_FAMILY = "1,2";
				TEST_TARGET_NAME = ToDoList;
			};
			name = Release;
		};
/* End XCBuildConfiguration section */

/* Begin XCConfigurationList section */
		162FC5EB20336A6900658BDA /* Build configuration list for PBXProject "ToDoList" */ = {
			isa = XCConfigurationList;
			buildConfigurations = (
				162FC61920336A6900658BDA /* Debug */,
				162FC61A20336A6900658BDA /* Release */,
			);
			defaultConfigurationIsVisible = 0;
			defaultConfigurationName = Release;
		};
		162FC61B20336A6900658BDA /* Build configuration list for PBXNativeTarget "ToDoList" */ = {
			isa = XCConfigurationList;
			buildConfigurations = (
				162FC61C20336A6900658BDA /* Debug */,
				162FC61D20336A6900658BDA /* Release */,
			);
			defaultConfigurationIsVisible = 0;
			defaultConfigurationName = Release;
		};
		162FC61E20336A6900658BDA /* Build configuration list for PBXNativeTarget "ToDoListTests" */ = {
			isa = XCConfigurationList;
			buildConfigurations = (
				162FC61F20336A6900658BDA /* Debug */,
				162FC62020336A6900658BDA /* Release */,
			);
			defaultConfigurationIsVisible = 0;
			defaultConfigurationName = Release;
		};
		162FC62120336A6900658BDA /* Build configuration list for PBXNativeTarget "ToDoListUITests" */ = {
			isa = XCConfigurationList;
			buildConfigurations = (
				162FC62220336A6900658BDA /* Debug */,
				162FC62320336A6900658BDA /* Release */,
			);
			defaultConfigurationIsVisible = 0;
			defaultConfigurationName = Release;
		};
/* End XCConfigurationList section */

/* Begin XCVersionGroup section */
		162FC5FA20336A6900658BDA /* ToDoList.xcdatamodeld */ = {
			isa = XCVersionGroup;
			children = (
				162FC5FB20336A6900658BDA /* ToDoList.xcdatamodel */,
			);
			currentVersion = 162FC5FB20336A6900658BDA /* ToDoList.xcdatamodel */;
			path = ToDoList.xcdatamodeld;
			sourceTree = "<group>";
			versionGroupType = wrapper.xcdatamodel;
		};
/* End XCVersionGroup section */
	};
	rootObject = 162FC5E820336A6900658BDA /* Project object */;
}
